{"version":4,"terraform_version":"1.9.1","serial":139,"lineage":"593e91ea-465f-aa45-8852-8d9937652575","outputs":{"all_ssh_commands":{"value":{"control_plane":"ssh -i ~/.ssh/azure_rsa azureuser@108.142.156.228","sweden_worker":"ssh -i ~/.ssh/azure_rsa azureuser@4.223.108.114","west_europe_workers":["ssh -i ~/.ssh/azure_rsa azureuser@128.251.152.53"]},"type":["object",{"control_plane":"string","sweden_worker":"string","west_europe_workers":["tuple",["string"]]}]},"all_worker_ips":{"value":["128.251.152.53","4.223.108.114"],"type":["tuple",["string","string"]]},"ansible_inventory_ips":{"value":{"control_plane":"108.142.156.228","workers":{"sweden":"4.223.108.114","west_europe":["128.251.152.53"]}},"type":["object",{"control_plane":"string","workers":["object",{"sweden":"string","west_europe":["tuple",["string"]]}]}]},"application_urls":{"value":{"argocd":"http://108.142.156.228:30090","grafana":"http://108.142.156.228:30030","jenkins":"http://108.142.156.228:30080","minio_sweden":"http://4.223.108.114:30900","minio_west_europe":"http://128.251.152.53:30900","simpleeshop_sweden":"http://4.223.108.114:30000","simpleeshop_west_europe":"http://128.251.152.53:30000"},"type":["object",{"argocd":"string","grafana":"string","jenkins":"string","minio_sweden":"string","minio_west_europe":"string","simpleeshop_sweden":"string","simpleeshop_west_europe":"string"}]},"control_plane_public_ip":{"value":"108.142.156.228","type":"string"},"control_plane_ssh_command":{"value":"ssh -i ~/.ssh/azure_rsa azureuser@108.142.156.228","type":"string"},"kubernetes_cluster_info":{"value":{"control_plane":"108.142.156.228","regions":["West Europe","Sweden Central"],"sweden_worker":"4.223.108.114","total_workers":2,"west_europe_workers":["128.251.152.53"]},"type":["object",{"control_plane":"string","regions":["tuple",["string","string"]],"sweden_worker":"string","total_workers":"number","west_europe_workers":["tuple",["string"]]}]},"network_info":{"value":{"sweden_vnet":{"address_space":"10.1.0.0/16","location":"swedencentral","name":"simpleeshop-sweden-vnet"},"west_europe_vnet":{"address_space":"10.0.0.0/16","location":"westeurope","name":"simpleeshop-vnet"}},"type":["object",{"sweden_vnet":["object",{"address_space":"string","location":"string","name":"string"}],"west_europe_vnet":["object",{"address_space":"string","location":"string","name":"string"}]}]},"resource_group_name":{"value":"simpleeshop-cloud-rg","type":"string"},"sweden_resource_group_name":{"value":"simpleeshop-cloud-rg-sweden","type":"string"},"sweden_worker_public_ip":{"value":"4.223.108.114","type":"string"},"sweden_worker_ssh_command":{"value":"ssh -i ~/.ssh/azure_rsa azureuser@4.223.108.114  # Sweden Worker","type":"string"},"worker_public_ips":{"value":["128.251.152.53"],"type":["tuple",["string"]]},"worker_ssh_commands":{"value":["ssh -i ~/.ssh/azure_rsa azureuser@128.251.152.53  # West Europe Worker 1"],"type":["tuple",["string"]]}},"resources":[{"mode":"managed","type":"azurerm_dev_test_global_vm_shutdown_schedule","name":"control_plane_shutdown","provider":"provider[\"registry.opentofu.org/hashicorp/azurerm\"]","instances":[{"schema_version":0,"attributes":{"daily_recurrence_time":"0200","enabled":true,"id":"/subscriptions/1c5e7794-d020-4ef8-82ec-93b77a88c29c/resourceGroups/simpleeshop-cloud-rg/providers/Microsoft.DevTestLab/schedules/shutdown-computevm-control-plane-vm","location":"westeurope","notification_settings":[{"email":"charitosdim93@gmail.com","enabled":true,"time_in_minutes":30,"webhook_url":""}],"tags":{"Environment":"Development","Project":"SimpleEshop-Cloud"},"timeouts":null,"timezone":"E. Europe Standard Time","virtual_machine_id":"/subscriptions/1c5e7794-d020-4ef8-82ec-93b77a88c29c/resourceGroups/simpleeshop-cloud-rg/providers/Microsoft.Compute/virtualMachines/control-plane-vm"},"sensitive_attributes":[],"private":"eyJlMmJmYjczMC1lY2FhLTExZTYtOGY4OC0zNDM2M2JjN2M0YzAiOnsiY3JlYXRlIjoxODAwMDAwMDAwMDAwLCJkZWxldGUiOjE4MDAwMDAwMDAwMDAsInJlYWQiOjMwMDAwMDAwMDAwMCwidXBkYXRlIjoxODAwMDAwMDAwMDAwfX0=","dependencies":["azurerm_linux_virtual_machine.control_plane_vm","azurerm_network_interface.control_plane_nic","azurerm_public_ip.control_plane_pip","azurerm_resource_group.simpleeshop_rg","azurerm_subnet.control_plane_subnet","azurerm_virtual_network.simpleeshop_vnet"]}]},{"mode":"managed","type":"azurerm_dev_test_global_vm_shutdown_schedule","name":"sweden_worker_shutdown","provider":"provider[\"registry.opentofu.org/hashicorp/azurerm\"]","instances":[{"schema_version":0,"attributes":{"daily_recurrence_time":"0200","enabled":true,"id":"/subscriptions/1c5e7794-d020-4ef8-82ec-93b77a88c29c/resourceGroups/simpleeshop-cloud-rg-sweden/providers/Microsoft.DevTestLab/schedules/shutdown-computevm-sweden-worker-vm","location":"swedencentral","notification_settings":[{"email":"charitosdim93@gmail.com","enabled":true,"time_in_minutes":30,"webhook_url":""}],"tags":{"Environment":"Development","Project":"SimpleEshop-Cloud"},"timeouts":null,"timezone":"W. Europe Standard Time","virtual_machine_id":"/subscriptions/1c5e7794-d020-4ef8-82ec-93b77a88c29c/resourceGroups/simpleeshop-cloud-rg-sweden/providers/Microsoft.Compute/virtualMachines/sweden-worker-vm"},"sensitive_attributes":[],"private":"eyJlMmJmYjczMC1lY2FhLTExZTYtOGY4OC0zNDM2M2JjN2M0YzAiOnsiY3JlYXRlIjoxODAwMDAwMDAwMDAwLCJkZWxldGUiOjE4MDAwMDAwMDAwMDAsInJlYWQiOjMwMDAwMDAwMDAwMCwidXBkYXRlIjoxODAwMDAwMDAwMDAwfX0=","dependencies":["azurerm_linux_virtual_machine.sweden_worker_vm","azurerm_network_interface.sweden_worker_nic","azurerm_public_ip.sweden_worker_pip","azurerm_resource_group.simpleeshop_sweden_rg","azurerm_subnet.sweden_worker_subnet","azurerm_virtual_network.simpleeshop_sweden_vnet"]}]},{"mode":"managed","type":"azurerm_dev_test_global_vm_shutdown_schedule","name":"worker_shutdown","provider":"provider[\"registry.opentofu.org/hashicorp/azurerm\"]","instances":[{"index_key":0,"schema_version":0,"attributes":{"daily_recurrence_time":"0200","enabled":true,"id":"/subscriptions/1c5e7794-d020-4ef8-82ec-93b77a88c29c/resourceGroups/simpleeshop-cloud-rg/providers/Microsoft.DevTestLab/schedules/shutdown-computevm-worker-1-vm","location":"westeurope","notification_settings":[{"email":"charitosdim93@gmail.com","enabled":true,"time_in_minutes":30,"webhook_url":""}],"tags":{"Environment":"Development","Project":"SimpleEshop-Cloud"},"timeouts":null,"timezone":"E. Europe Standard Time","virtual_machine_id":"/subscriptions/1c5e7794-d020-4ef8-82ec-93b77a88c29c/resourceGroups/simpleeshop-cloud-rg/providers/Microsoft.Compute/virtualMachines/worker-1-vm"},"sensitive_attributes":[],"private":"eyJlMmJmYjczMC1lY2FhLTExZTYtOGY4OC0zNDM2M2JjN2M0YzAiOnsiY3JlYXRlIjoxODAwMDAwMDAwMDAwLCJkZWxldGUiOjE4MDAwMDAwMDAwMDAsInJlYWQiOjMwMDAwMDAwMDAwMCwidXBkYXRlIjoxODAwMDAwMDAwMDAwfX0=","dependencies":["azurerm_linux_virtual_machine.worker_vm","azurerm_network_interface.worker_nic","azurerm_public_ip.worker_pip","azurerm_resource_group.simpleeshop_rg","azurerm_subnet.worker_subnet","azurerm_virtual_network.simpleeshop_vnet"]}]},{"mode":"managed","type":"azurerm_linux_virtual_machine","name":"control_plane_vm","provider":"provider[\"registry.opentofu.org/hashicorp/azurerm\"]","instances":[{"schema_version":0,"attributes":{"additional_capabilities":[],"admin_password":null,"admin_ssh_key":[{"public_key":"ssh-rsa AAAAB3NzaC1yc2EAAAADAQABAAACAQDFlA4HUeAnwyFLZTonH31Q7ENXbUL3581OO+q5E9X9IUV1WnViC7kZ+dFIE2d0Hrs2jKYF1o3d+j5bUpKbsxDLgSlI2ziwrtcMA5hYkedr+j8K1ZPV3TsP0njEKu28EIRNcwo9DIl0M0iclGsK6cckLrBfDShBXzM+cjKWBBek6Pr/SecUIrZmiNTHMm5+amyjNuQVK5LnvqXkYNCAjTJ8xkCoQcni+Fa3ns+P/LpqC0kRxLz6ga4tJBVp6nXbsIBWT889sSv0OtTu8n/KmVh8/udMdDtwblpqTmE9h/mutsE4g0vR+n1TDrSIC0p7OPWYRlb4suZk4aAGaB4oZ+qCCATEB55TmawiPvYC/eGaWrtWbJzZdhfYkom0Bv0fNVSpYzCsbGAYukPh/ZP4cDqQUmfmoJTefXO/gBkYfGwWxJMEQAwhc/i31iA3boM5lS6Q6RbTimW7iV/EXIqH21K2pncbb6+wISorHCD9CAdq9HrBKA0HgBiamhLp48iy0OZ/Jt/PIDQdCpvOkscU7Q75DcvW8LHqYdrkrxnvv6RFG21Uvx8K5zlPbesIjLBpBGMxC5VhZ0WacqpZ6pB2JB64Sp4NZiXKZaWO0MBDzP+Z43pVwkFXVEzjtmS0OszWfAGFHjmoGolIy4RUIFyq4l1sGYmT24yBajllPD+kW7lD4Q== azure-simpleeshop","username":"azureuser"}],"admin_username":"azureuser","allow_extension_operations":true,"availability_set_id":"","boot_diagnostics":[],"bypass_platform_safety_checks_on_user_schedule_enabled":false,"capacity_reservation_group_id":"","computer_name":"control-plane-vm","custom_data":null,"dedicated_host_group_id":"","dedicated_host_id":"","disable_password_authentication":true,"edge_zone":"","encryption_at_host_enabled":false,"eviction_policy":"","extensions_time_budget":"PT1H30M","gallery_application":[],"id":"/subscriptions/1c5e7794-d020-4ef8-82ec-93b77a88c29c/resourceGroups/simpleeshop-cloud-rg/providers/Microsoft.Compute/virtualMachines/control-plane-vm","identity":[],"license_type":"","location":"westeurope","max_bid_price":-1,"name":"control-plane-vm","network_interface_ids":["/subscriptions/1c5e7794-d020-4ef8-82ec-93b77a88c29c/resourceGroups/simpleeshop-cloud-rg/providers/Microsoft.Network/networkInterfaces/control-plane-nic"],"os_disk":[{"caching":"ReadWrite","diff_disk_settings":[],"disk_encryption_set_id":"","disk_size_gb":30,"name":"control-plane-os-disk","secure_vm_disk_encryption_set_id":"","security_encryption_type":"","storage_account_type":"Premium_LRS","write_accelerator_enabled":false}],"patch_assessment_mode":"ImageDefault","patch_mode":"ImageDefault","plan":[],"platform_fault_domain":-1,"priority":"Regular","private_ip_address":"10.0.1.4","private_ip_addresses":["10.0.1.4"],"provision_vm_agent":true,"proximity_placement_group_id":"","public_ip_address":"108.142.156.228","public_ip_addresses":["108.142.156.228"],"reboot_setting":"","resource_group_name":"simpleeshop-cloud-rg","secret":[],"secure_boot_enabled":false,"size":"Standard_B2s","source_image_id":"","source_image_reference":[{"offer":"ubuntu-24_04-lts","publisher":"Canonical","sku":"server","version":"latest"}],"tags":{"Environment":"Development","Project":"SimpleEshop-Cloud","Role":"Control-Plane"},"termination_notification":null,"timeouts":null,"user_data":"","virtual_machine_id":"ebc7757a-8ae9-4aaf-a6e8-cf7423c83766","virtual_machine_scale_set_id":"","vtpm_enabled":false,"zone":""},"sensitive_attributes":[[{"type":"get_attr","value":"custom_data"}],[{"type":"get_attr","value":"admin_password"}]],"private":"eyJlMmJmYjczMC1lY2FhLTExZTYtOGY4OC0zNDM2M2JjN2M0YzAiOnsiY3JlYXRlIjoyNzAwMDAwMDAwMDAwLCJkZWxldGUiOjI3MDAwMDAwMDAwMDAsInJlYWQiOjMwMDAwMDAwMDAwMCwidXBkYXRlIjoyNzAwMDAwMDAwMDAwfX0=","dependencies":["azurerm_network_interface.control_plane_nic","azurerm_public_ip.control_plane_pip","azurerm_resource_group.simpleeshop_rg","azurerm_subnet.control_plane_subnet","azurerm_virtual_network.simpleeshop_vnet"]}]},{"mode":"managed","type":"azurerm_linux_virtual_machine","name":"sweden_worker_vm","provider":"provider[\"registry.opentofu.org/hashicorp/azurerm\"]","instances":[{"schema_version":0,"attributes":{"additional_capabilities":[],"admin_password":null,"admin_ssh_key":[{"public_key":"ssh-rsa AAAAB3NzaC1yc2EAAAADAQABAAACAQDFlA4HUeAnwyFLZTonH31Q7ENXbUL3581OO+q5E9X9IUV1WnViC7kZ+dFIE2d0Hrs2jKYF1o3d+j5bUpKbsxDLgSlI2ziwrtcMA5hYkedr+j8K1ZPV3TsP0njEKu28EIRNcwo9DIl0M0iclGsK6cckLrBfDShBXzM+cjKWBBek6Pr/SecUIrZmiNTHMm5+amyjNuQVK5LnvqXkYNCAjTJ8xkCoQcni+Fa3ns+P/LpqC0kRxLz6ga4tJBVp6nXbsIBWT889sSv0OtTu8n/KmVh8/udMdDtwblpqTmE9h/mutsE4g0vR+n1TDrSIC0p7OPWYRlb4suZk4aAGaB4oZ+qCCATEB55TmawiPvYC/eGaWrtWbJzZdhfYkom0Bv0fNVSpYzCsbGAYukPh/ZP4cDqQUmfmoJTefXO/gBkYfGwWxJMEQAwhc/i31iA3boM5lS6Q6RbTimW7iV/EXIqH21K2pncbb6+wISorHCD9CAdq9HrBKA0HgBiamhLp48iy0OZ/Jt/PIDQdCpvOkscU7Q75DcvW8LHqYdrkrxnvv6RFG21Uvx8K5zlPbesIjLBpBGMxC5VhZ0WacqpZ6pB2JB64Sp4NZiXKZaWO0MBDzP+Z43pVwkFXVEzjtmS0OszWfAGFHjmoGolIy4RUIFyq4l1sGYmT24yBajllPD+kW7lD4Q== azure-simpleeshop","username":"azureuser"}],"admin_username":"azureuser","allow_extension_operations":true,"availability_set_id":"","boot_diagnostics":[],"bypass_platform_safety_checks_on_user_schedule_enabled":false,"capacity_reservation_group_id":"","computer_name":"sweden-worker-vm","custom_data":null,"dedicated_host_group_id":"","dedicated_host_id":"","disable_password_authentication":true,"edge_zone":"","encryption_at_host_enabled":false,"eviction_policy":"","extensions_time_budget":"PT1H30M","gallery_application":[],"id":"/subscriptions/1c5e7794-d020-4ef8-82ec-93b77a88c29c/resourceGroups/simpleeshop-cloud-rg-sweden/providers/Microsoft.Compute/virtualMachines/sweden-worker-vm","identity":[],"license_type":"","location":"swedencentral","max_bid_price":-1,"name":"sweden-worker-vm","network_interface_ids":["/subscriptions/1c5e7794-d020-4ef8-82ec-93b77a88c29c/resourceGroups/simpleeshop-cloud-rg-sweden/providers/Microsoft.Network/networkInterfaces/sweden-worker-nic"],"os_disk":[{"caching":"ReadWrite","diff_disk_settings":[],"disk_encryption_set_id":"","disk_size_gb":30,"name":"sweden-worker-os-disk","secure_vm_disk_encryption_set_id":"","security_encryption_type":"","storage_account_type":"Standard_LRS","write_accelerator_enabled":false}],"patch_assessment_mode":"ImageDefault","patch_mode":"ImageDefault","plan":[],"platform_fault_domain":-1,"priority":"Regular","private_ip_address":"10.1.2.4","private_ip_addresses":["10.1.2.4"],"provision_vm_agent":true,"proximity_placement_group_id":"","public_ip_address":"4.223.108.114","public_ip_addresses":["4.223.108.114"],"reboot_setting":"","resource_group_name":"simpleeshop-cloud-rg-sweden","secret":[],"secure_boot_enabled":false,"size":"Standard_B2s","source_image_id":"","source_image_reference":[{"offer":"ubuntu-24_04-lts","publisher":"Canonical","sku":"server","version":"latest"}],"tags":{"Environment":"Development","Project":"SimpleEshop-Cloud","Role":"Sweden-Worker"},"termination_notification":null,"timeouts":null,"user_data":"","virtual_machine_id":"3d57d95e-51be-49ce-a172-6cafddc3dadd","virtual_machine_scale_set_id":"","vtpm_enabled":false,"zone":""},"sensitive_attributes":[[{"type":"get_attr","value":"admin_password"}],[{"type":"get_attr","value":"custom_data"}]],"private":"eyJlMmJmYjczMC1lY2FhLTExZTYtOGY4OC0zNDM2M2JjN2M0YzAiOnsiY3JlYXRlIjoyNzAwMDAwMDAwMDAwLCJkZWxldGUiOjI3MDAwMDAwMDAwMDAsInJlYWQiOjMwMDAwMDAwMDAwMCwidXBkYXRlIjoyNzAwMDAwMDAwMDAwfX0=","dependencies":["azurerm_network_interface.sweden_worker_nic","azurerm_public_ip.sweden_worker_pip","azurerm_resource_group.simpleeshop_sweden_rg","azurerm_subnet.sweden_worker_subnet","azurerm_virtual_network.simpleeshop_sweden_vnet"]}]},{"mode":"managed","type":"azurerm_linux_virtual_machine","name":"worker_vm","provider":"provider[\"registry.opentofu.org/hashicorp/azurerm\"]","instances":[{"index_key":0,"schema_version":0,"attributes":{"additional_capabilities":[],"admin_password":null,"admin_ssh_key":[{"public_key":"ssh-rsa AAAAB3NzaC1yc2EAAAADAQABAAACAQDFlA4HUeAnwyFLZTonH31Q7ENXbUL3581OO+q5E9X9IUV1WnViC7kZ+dFIE2d0Hrs2jKYF1o3d+j5bUpKbsxDLgSlI2ziwrtcMA5hYkedr+j8K1ZPV3TsP0njEKu28EIRNcwo9DIl0M0iclGsK6cckLrBfDShBXzM+cjKWBBek6Pr/SecUIrZmiNTHMm5+amyjNuQVK5LnvqXkYNCAjTJ8xkCoQcni+Fa3ns+P/LpqC0kRxLz6ga4tJBVp6nXbsIBWT889sSv0OtTu8n/KmVh8/udMdDtwblpqTmE9h/mutsE4g0vR+n1TDrSIC0p7OPWYRlb4suZk4aAGaB4oZ+qCCATEB55TmawiPvYC/eGaWrtWbJzZdhfYkom0Bv0fNVSpYzCsbGAYukPh/ZP4cDqQUmfmoJTefXO/gBkYfGwWxJMEQAwhc/i31iA3boM5lS6Q6RbTimW7iV/EXIqH21K2pncbb6+wISorHCD9CAdq9HrBKA0HgBiamhLp48iy0OZ/Jt/PIDQdCpvOkscU7Q75DcvW8LHqYdrkrxnvv6RFG21Uvx8K5zlPbesIjLBpBGMxC5VhZ0WacqpZ6pB2JB64Sp4NZiXKZaWO0MBDzP+Z43pVwkFXVEzjtmS0OszWfAGFHjmoGolIy4RUIFyq4l1sGYmT24yBajllPD+kW7lD4Q== azure-simpleeshop","username":"azureuser"}],"admin_username":"azureuser","allow_extension_operations":true,"availability_set_id":"","boot_diagnostics":[],"bypass_platform_safety_checks_on_user_schedule_enabled":false,"capacity_reservation_group_id":"","computer_name":"worker-1-vm","custom_data":null,"dedicated_host_group_id":"","dedicated_host_id":"","disable_password_authentication":true,"edge_zone":"","encryption_at_host_enabled":false,"eviction_policy":"","extensions_time_budget":"PT1H30M","gallery_application":[],"id":"/subscriptions/1c5e7794-d020-4ef8-82ec-93b77a88c29c/resourceGroups/simpleeshop-cloud-rg/providers/Microsoft.Compute/virtualMachines/worker-1-vm","identity":[],"license_type":"","location":"westeurope","max_bid_price":-1,"name":"worker-1-vm","network_interface_ids":["/subscriptions/1c5e7794-d020-4ef8-82ec-93b77a88c29c/resourceGroups/simpleeshop-cloud-rg/providers/Microsoft.Network/networkInterfaces/worker-1-nic"],"os_disk":[{"caching":"ReadWrite","diff_disk_settings":[],"disk_encryption_set_id":"","disk_size_gb":30,"name":"worker-1-os-disk","secure_vm_disk_encryption_set_id":"","security_encryption_type":"","storage_account_type":"Standard_LRS","write_accelerator_enabled":false}],"patch_assessment_mode":"ImageDefault","patch_mode":"ImageDefault","plan":[],"platform_fault_domain":-1,"priority":"Regular","private_ip_address":"10.0.2.4","private_ip_addresses":["10.0.2.4"],"provision_vm_agent":true,"proximity_placement_group_id":"","public_ip_address":"128.251.152.53","public_ip_addresses":["128.251.152.53"],"reboot_setting":"","resource_group_name":"simpleeshop-cloud-rg","secret":[],"secure_boot_enabled":false,"size":"Standard_B2s","source_image_id":"","source_image_reference":[{"offer":"ubuntu-24_04-lts","publisher":"Canonical","sku":"server","version":"latest"}],"tags":{"Environment":"Development","Project":"SimpleEshop-Cloud","Role":"Worker-1"},"termination_notification":null,"timeouts":null,"user_data":"","virtual_machine_id":"bb5085cb-a724-40da-b4ef-41e7f1abbdc6","virtual_machine_scale_set_id":"","vtpm_enabled":false,"zone":""},"sensitive_attributes":[[{"type":"get_attr","value":"custom_data"}],[{"type":"get_attr","value":"admin_password"}]],"private":"eyJlMmJmYjczMC1lY2FhLTExZTYtOGY4OC0zNDM2M2JjN2M0YzAiOnsiY3JlYXRlIjoyNzAwMDAwMDAwMDAwLCJkZWxldGUiOjI3MDAwMDAwMDAwMDAsInJlYWQiOjMwMDAwMDAwMDAwMCwidXBkYXRlIjoyNzAwMDAwMDAwMDAwfX0=","dependencies":["azurerm_network_interface.worker_nic","azurerm_public_ip.worker_pip","azurerm_resource_group.simpleeshop_rg","azurerm_subnet.worker_subnet","azurerm_virtual_network.simpleeshop_vnet"]}]},{"mode":"managed","type":"azurerm_network_interface","name":"control_plane_nic","provider":"provider[\"registry.opentofu.org/hashicorp/azurerm\"]","instances":[{"schema_version":0,"attributes":{"applied_dns_servers":[],"auxiliary_mode":"","auxiliary_sku":"","dns_servers":[],"edge_zone":"","enable_accelerated_networking":false,"enable_ip_forwarding":false,"id":"/subscriptions/1c5e7794-d020-4ef8-82ec-93b77a88c29c/resourceGroups/simpleeshop-cloud-rg/providers/Microsoft.Network/networkInterfaces/control-plane-nic","internal_dns_name_label":"","internal_domain_name_suffix":"qlreehxqmjlevkrzhzu4oiyz0d.ax.internal.cloudapp.net","ip_configuration":[{"gateway_load_balancer_frontend_ip_configuration_id":"","name":"internal","primary":true,"private_ip_address":"10.0.1.4","private_ip_address_allocation":"Dynamic","private_ip_address_version":"IPv4","public_ip_address_id":"/subscriptions/1c5e7794-d020-4ef8-82ec-93b77a88c29c/resourceGroups/simpleeshop-cloud-rg/providers/Microsoft.Network/publicIPAddresses/control-plane-pip","subnet_id":"/subscriptions/1c5e7794-d020-4ef8-82ec-93b77a88c29c/resourceGroups/simpleeshop-cloud-rg/providers/Microsoft.Network/virtualNetworks/simpleeshop-vnet/subnets/control-plane-subnet"}],"location":"westeurope","mac_address":"","name":"control-plane-nic","private_ip_address":"10.0.1.4","private_ip_addresses":["10.0.1.4"],"resource_group_name":"simpleeshop-cloud-rg","tags":{"Environment":"Development","Project":"SimpleEshop-Cloud"},"timeouts":null,"virtual_machine_id":""},"sensitive_attributes":[],"private":"eyJlMmJmYjczMC1lY2FhLTExZTYtOGY4OC0zNDM2M2JjN2M0YzAiOnsiY3JlYXRlIjoxODAwMDAwMDAwMDAwLCJkZWxldGUiOjE4MDAwMDAwMDAwMDAsInJlYWQiOjMwMDAwMDAwMDAwMCwidXBkYXRlIjoxODAwMDAwMDAwMDAwfX0=","dependencies":["azurerm_public_ip.control_plane_pip","azurerm_resource_group.simpleeshop_rg","azurerm_subnet.control_plane_subnet","azurerm_virtual_network.simpleeshop_vnet"]}]},{"mode":"managed","type":"azurerm_network_interface","name":"sweden_worker_nic","provider":"provider[\"registry.opentofu.org/hashicorp/azurerm\"]","instances":[{"schema_version":0,"attributes":{"applied_dns_servers":[],"auxiliary_mode":"","auxiliary_sku":"","dns_servers":[],"edge_zone":"","enable_accelerated_networking":false,"enable_ip_forwarding":false,"id":"/subscriptions/1c5e7794-d020-4ef8-82ec-93b77a88c29c/resourceGroups/simpleeshop-cloud-rg-sweden/providers/Microsoft.Network/networkInterfaces/sweden-worker-nic","internal_dns_name_label":"","internal_domain_name_suffix":"d2fsnaogbbuehmw2q0yuqbrzlf.gvxx.internal.cloudapp.net","ip_configuration":[{"gateway_load_balancer_frontend_ip_configuration_id":"","name":"internal","primary":true,"private_ip_address":"10.1.2.4","private_ip_address_allocation":"Dynamic","private_ip_address_version":"IPv4","public_ip_address_id":"/subscriptions/1c5e7794-d020-4ef8-82ec-93b77a88c29c/resourceGroups/simpleeshop-cloud-rg-sweden/providers/Microsoft.Network/publicIPAddresses/sweden-worker-pip","subnet_id":"/subscriptions/1c5e7794-d020-4ef8-82ec-93b77a88c29c/resourceGroups/simpleeshop-cloud-rg-sweden/providers/Microsoft.Network/virtualNetworks/simpleeshop-sweden-vnet/subnets/sweden-worker-subnet"}],"location":"swedencentral","mac_address":"","name":"sweden-worker-nic","private_ip_address":"10.1.2.4","private_ip_addresses":["10.1.2.4"],"resource_group_name":"simpleeshop-cloud-rg-sweden","tags":{"Environment":"Development","Project":"SimpleEshop-Cloud","Role":"Sweden-Worker"},"timeouts":null,"virtual_machine_id":""},"sensitive_attributes":[],"private":"eyJlMmJmYjczMC1lY2FhLTExZTYtOGY4OC0zNDM2M2JjN2M0YzAiOnsiY3JlYXRlIjoxODAwMDAwMDAwMDAwLCJkZWxldGUiOjE4MDAwMDAwMDAwMDAsInJlYWQiOjMwMDAwMDAwMDAwMCwidXBkYXRlIjoxODAwMDAwMDAwMDAwfX0=","dependencies":["azurerm_public_ip.sweden_worker_pip","azurerm_resource_group.simpleeshop_sweden_rg","azurerm_subnet.sweden_worker_subnet","azurerm_virtual_network.simpleeshop_sweden_vnet"]}]},{"mode":"managed","type":"azurerm_network_interface","name":"worker_nic","provider":"provider[\"registry.opentofu.org/hashicorp/azurerm\"]","instances":[{"index_key":0,"schema_version":0,"attributes":{"applied_dns_servers":[],"auxiliary_mode":"","auxiliary_sku":"","dns_servers":[],"edge_zone":"","enable_accelerated_networking":false,"enable_ip_forwarding":false,"id":"/subscriptions/1c5e7794-d020-4ef8-82ec-93b77a88c29c/resourceGroups/simpleeshop-cloud-rg/providers/Microsoft.Network/networkInterfaces/worker-1-nic","internal_dns_name_label":"","internal_domain_name_suffix":"qlreehxqmjlevkrzhzu4oiyz0d.ax.internal.cloudapp.net","ip_configuration":[{"gateway_load_balancer_frontend_ip_configuration_id":"","name":"internal","primary":true,"private_ip_address":"10.0.2.4","private_ip_address_allocation":"Dynamic","private_ip_address_version":"IPv4","public_ip_address_id":"/subscriptions/1c5e7794-d020-4ef8-82ec-93b77a88c29c/resourceGroups/simpleeshop-cloud-rg/providers/Microsoft.Network/publicIPAddresses/worker-1-pip","subnet_id":"/subscriptions/1c5e7794-d020-4ef8-82ec-93b77a88c29c/resourceGroups/simpleeshop-cloud-rg/providers/Microsoft.Network/virtualNetworks/simpleeshop-vnet/subnets/worker-subnet"}],"location":"westeurope","mac_address":"","name":"worker-1-nic","private_ip_address":"10.0.2.4","private_ip_addresses":["10.0.2.4"],"resource_group_name":"simpleeshop-cloud-rg","tags":{"Environment":"Development","Project":"SimpleEshop-Cloud","Role":"Worker-1"},"timeouts":null,"virtual_machine_id":""},"sensitive_attributes":[],"private":"eyJlMmJmYjczMC1lY2FhLTExZTYtOGY4OC0zNDM2M2JjN2M0YzAiOnsiY3JlYXRlIjoxODAwMDAwMDAwMDAwLCJkZWxldGUiOjE4MDAwMDAwMDAwMDAsInJlYWQiOjMwMDAwMDAwMDAwMCwidXBkYXRlIjoxODAwMDAwMDAwMDAwfX0=","dependencies":["azurerm_public_ip.worker_pip","azurerm_resource_group.simpleeshop_rg","azurerm_subnet.worker_subnet","azurerm_virtual_network.simpleeshop_vnet"]}]},{"mode":"managed","type":"azurerm_network_interface_security_group_association","name":"control_plane_nsg_association","provider":"provider[\"registry.opentofu.org/hashicorp/azurerm\"]","instances":[{"schema_version":0,"attributes":{"id":"/subscriptions/1c5e7794-d020-4ef8-82ec-93b77a88c29c/resourceGroups/simpleeshop-cloud-rg/providers/Microsoft.Network/networkInterfaces/control-plane-nic|/subscriptions/1c5e7794-d020-4ef8-82ec-93b77a88c29c/resourceGroups/simpleeshop-cloud-rg/providers/Microsoft.Network/networkSecurityGroups/control-plane-nsg","network_interface_id":"/subscriptions/1c5e7794-d020-4ef8-82ec-93b77a88c29c/resourceGroups/simpleeshop-cloud-rg/providers/Microsoft.Network/networkInterfaces/control-plane-nic","network_security_group_id":"/subscriptions/1c5e7794-d020-4ef8-82ec-93b77a88c29c/resourceGroups/simpleeshop-cloud-rg/providers/Microsoft.Network/networkSecurityGroups/control-plane-nsg","timeouts":null},"sensitive_attributes":[],"private":"eyJlMmJmYjczMC1lY2FhLTExZTYtOGY4OC0zNDM2M2JjN2M0YzAiOnsiY3JlYXRlIjoxODAwMDAwMDAwMDAwLCJkZWxldGUiOjE4MDAwMDAwMDAwMDAsInJlYWQiOjMwMDAwMDAwMDAwMCwidXBkYXRlIjoxODAwMDAwMDAwMDAwfX0=","dependencies":["azurerm_network_interface.control_plane_nic","azurerm_network_security_group.control_plane_nsg","azurerm_public_ip.control_plane_pip","azurerm_resource_group.simpleeshop_rg","azurerm_subnet.control_plane_subnet","azurerm_virtual_network.simpleeshop_vnet"]}]},{"mode":"managed","type":"azurerm_network_interface_security_group_association","name":"sweden_worker_nsg_association","provider":"provider[\"registry.opentofu.org/hashicorp/azurerm\"]","instances":[{"schema_version":0,"attributes":{"id":"/subscriptions/1c5e7794-d020-4ef8-82ec-93b77a88c29c/resourceGroups/simpleeshop-cloud-rg-sweden/providers/Microsoft.Network/networkInterfaces/sweden-worker-nic|/subscriptions/1c5e7794-d020-4ef8-82ec-93b77a88c29c/resourceGroups/simpleeshop-cloud-rg-sweden/providers/Microsoft.Network/networkSecurityGroups/sweden-worker-nsg","network_interface_id":"/subscriptions/1c5e7794-d020-4ef8-82ec-93b77a88c29c/resourceGroups/simpleeshop-cloud-rg-sweden/providers/Microsoft.Network/networkInterfaces/sweden-worker-nic","network_security_group_id":"/subscriptions/1c5e7794-d020-4ef8-82ec-93b77a88c29c/resourceGroups/simpleeshop-cloud-rg-sweden/providers/Microsoft.Network/networkSecurityGroups/sweden-worker-nsg","timeouts":null},"sensitive_attributes":[],"private":"eyJlMmJmYjczMC1lY2FhLTExZTYtOGY4OC0zNDM2M2JjN2M0YzAiOnsiY3JlYXRlIjoxODAwMDAwMDAwMDAwLCJkZWxldGUiOjE4MDAwMDAwMDAwMDAsInJlYWQiOjMwMDAwMDAwMDAwMCwidXBkYXRlIjoxODAwMDAwMDAwMDAwfX0=","dependencies":["azurerm_network_interface.sweden_worker_nic","azurerm_network_security_group.sweden_worker_nsg","azurerm_public_ip.sweden_worker_pip","azurerm_resource_group.simpleeshop_sweden_rg","azurerm_subnet.sweden_worker_subnet","azurerm_virtual_network.simpleeshop_sweden_vnet"]}]},{"mode":"managed","type":"azurerm_network_interface_security_group_association","name":"worker_nsg_association","provider":"provider[\"registry.opentofu.org/hashicorp/azurerm\"]","instances":[{"index_key":0,"schema_version":0,"attributes":{"id":"/subscriptions/1c5e7794-d020-4ef8-82ec-93b77a88c29c/resourceGroups/simpleeshop-cloud-rg/providers/Microsoft.Network/networkInterfaces/worker-1-nic|/subscriptions/1c5e7794-d020-4ef8-82ec-93b77a88c29c/resourceGroups/simpleeshop-cloud-rg/providers/Microsoft.Network/networkSecurityGroups/worker-nsg","network_interface_id":"/subscriptions/1c5e7794-d020-4ef8-82ec-93b77a88c29c/resourceGroups/simpleeshop-cloud-rg/providers/Microsoft.Network/networkInterfaces/worker-1-nic","network_security_group_id":"/subscriptions/1c5e7794-d020-4ef8-82ec-93b77a88c29c/resourceGroups/simpleeshop-cloud-rg/providers/Microsoft.Network/networkSecurityGroups/worker-nsg","timeouts":null},"sensitive_attributes":[],"private":"eyJlMmJmYjczMC1lY2FhLTExZTYtOGY4OC0zNDM2M2JjN2M0YzAiOnsiY3JlYXRlIjoxODAwMDAwMDAwMDAwLCJkZWxldGUiOjE4MDAwMDAwMDAwMDAsInJlYWQiOjMwMDAwMDAwMDAwMCwidXBkYXRlIjoxODAwMDAwMDAwMDAwfX0=","dependencies":["azurerm_network_interface.worker_nic","azurerm_network_security_group.worker_nsg","azurerm_public_ip.worker_pip","azurerm_resource_group.simpleeshop_rg","azurerm_subnet.worker_subnet","azurerm_virtual_network.simpleeshop_vnet"]}]},{"mode":"managed","type":"azurerm_network_security_group","name":"control_plane_nsg","provider":"provider[\"registry.opentofu.org/hashicorp/azurerm\"]","instances":[{"schema_version":0,"attributes":{"id":"/subscriptions/1c5e7794-d020-4ef8-82ec-93b77a88c29c/resourceGroups/simpleeshop-cloud-rg/providers/Microsoft.Network/networkSecurityGroups/control-plane-nsg","location":"westeurope","name":"control-plane-nsg","resource_group_name":"simpleeshop-cloud-rg","security_rule":[{"access":"Allow","description":"","destination_address_prefix":"*","destination_address_prefixes":[],"destination_application_security_group_ids":[],"destination_port_range":"22","destination_port_ranges":[],"direction":"Inbound","name":"SSH","priority":1001,"protocol":"Tcp","source_address_prefix":"*","source_address_prefixes":[],"source_application_security_group_ids":[],"source_port_range":"*","source_port_ranges":[]},{"access":"Allow","description":"","destination_address_prefix":"*","destination_address_prefixes":[],"destination_application_security_group_ids":[],"destination_port_range":"6443","destination_port_ranges":[],"direction":"Inbound","name":"K8s-API","priority":1002,"protocol":"Tcp","source_address_prefix":"10.0.0.0/16","source_address_prefixes":[],"source_application_security_group_ids":[],"source_port_range":"*","source_port_ranges":[]},{"access":"Allow","description":"","destination_address_prefix":"*","destination_address_prefixes":[],"destination_application_security_group_ids":[],"destination_port_range":"8080","destination_port_ranges":[],"direction":"Inbound","name":"Jenkins","priority":1003,"protocol":"Tcp","source_address_prefix":"*","source_address_prefixes":[],"source_application_security_group_ids":[],"source_port_range":"*","source_port_ranges":[]},{"access":"Allow","description":"","destination_address_prefix":"*","destination_address_prefixes":[],"destination_application_security_group_ids":[],"destination_port_range":"8090","destination_port_ranges":[],"direction":"Inbound","name":"ArgoCD","priority":1004,"protocol":"Tcp","source_address_prefix":"*","source_address_prefixes":[],"source_application_security_group_ids":[],"source_port_range":"*","source_port_ranges":[]}],"tags":{"Environment":"Development","Project":"SimpleEshop-Cloud"},"timeouts":null},"sensitive_attributes":[],"private":"eyJlMmJmYjczMC1lY2FhLTExZTYtOGY4OC0zNDM2M2JjN2M0YzAiOnsiY3JlYXRlIjoxODAwMDAwMDAwMDAwLCJkZWxldGUiOjE4MDAwMDAwMDAwMDAsInJlYWQiOjMwMDAwMDAwMDAwMCwidXBkYXRlIjoxODAwMDAwMDAwMDAwfX0=","dependencies":["azurerm_resource_group.simpleeshop_rg"]}]},{"mode":"managed","type":"azurerm_network_security_group","name":"sweden_worker_nsg","provider":"provider[\"registry.opentofu.org/hashicorp/azurerm\"]","instances":[{"schema_version":0,"attributes":{"id":"/subscriptions/1c5e7794-d020-4ef8-82ec-93b77a88c29c/resourceGroups/simpleeshop-cloud-rg-sweden/providers/Microsoft.Network/networkSecurityGroups/sweden-worker-nsg","location":"swedencentral","name":"sweden-worker-nsg","resource_group_name":"simpleeshop-cloud-rg-sweden","security_rule":[{"access":"Allow","description":"","destination_address_prefix":"*","destination_address_prefixes":[],"destination_application_security_group_ids":[],"destination_port_range":"22","destination_port_ranges":[],"direction":"Inbound","name":"SSH","priority":1001,"protocol":"Tcp","source_address_prefix":"*","source_address_prefixes":[],"source_application_security_group_ids":[],"source_port_range":"*","source_port_ranges":[]},{"access":"Allow","description":"","destination_address_prefix":"*","destination_address_prefixes":[],"destination_application_security_group_ids":[],"destination_port_range":"3000","destination_port_ranges":[],"direction":"Inbound","name":"SimpleEshop","priority":1002,"protocol":"Tcp","source_address_prefix":"*","source_address_prefixes":[],"source_application_security_group_ids":[],"source_port_range":"*","source_port_ranges":[]},{"access":"Allow","description":"","destination_address_prefix":"*","destination_address_prefixes":[],"destination_application_security_group_ids":[],"destination_port_range":"30000-32767","destination_port_ranges":[],"direction":"Inbound","name":"K8s-NodePort","priority":1005,"protocol":"Tcp","source_address_prefix":"*","source_address_prefixes":[],"source_application_security_group_ids":[],"source_port_range":"*","source_port_ranges":[]}],"tags":{"Environment":"Development","Project":"SimpleEshop-Cloud"},"timeouts":null},"sensitive_attributes":[],"private":"eyJlMmJmYjczMC1lY2FhLTExZTYtOGY4OC0zNDM2M2JjN2M0YzAiOnsiY3JlYXRlIjoxODAwMDAwMDAwMDAwLCJkZWxldGUiOjE4MDAwMDAwMDAwMDAsInJlYWQiOjMwMDAwMDAwMDAwMCwidXBkYXRlIjoxODAwMDAwMDAwMDAwfX0=","dependencies":["azurerm_resource_group.simpleeshop_sweden_rg"]}]},{"mode":"managed","type":"azurerm_network_security_group","name":"worker_nsg","provider":"provider[\"registry.opentofu.org/hashicorp/azurerm\"]","instances":[{"schema_version":0,"attributes":{"id":"/subscriptions/1c5e7794-d020-4ef8-82ec-93b77a88c29c/resourceGroups/simpleeshop-cloud-rg/providers/Microsoft.Network/networkSecurityGroups/worker-nsg","location":"westeurope","name":"worker-nsg","resource_group_name":"simpleeshop-cloud-rg","security_rule":[{"access":"Allow","description":"","destination_address_prefix":"*","destination_address_prefixes":[],"destination_application_security_group_ids":[],"destination_port_range":"22","destination_port_ranges":[],"direction":"Inbound","name":"SSH","priority":1001,"protocol":"Tcp","source_address_prefix":"*","source_address_prefixes":[],"source_application_security_group_ids":[],"source_port_range":"*","source_port_ranges":[]},{"access":"Allow","description":"","destination_address_prefix":"*","destination_address_prefixes":[],"destination_application_security_group_ids":[],"destination_port_range":"3000","destination_port_ranges":[],"direction":"Inbound","name":"SimpleEshop","priority":1002,"protocol":"Tcp","source_address_prefix":"*","source_address_prefixes":[],"source_application_security_group_ids":[],"source_port_range":"*","source_port_ranges":[]},{"access":"Allow","description":"","destination_address_prefix":"*","destination_address_prefixes":[],"destination_application_security_group_ids":[],"destination_port_range":"30000-32767","destination_port_ranges":[],"direction":"Inbound","name":"K8s-NodePort","priority":1005,"protocol":"Tcp","source_address_prefix":"*","source_address_prefixes":[],"source_application_security_group_ids":[],"source_port_range":"*","source_port_ranges":[]},{"access":"Allow","description":"","destination_address_prefix":"*","destination_address_prefixes":[],"destination_application_security_group_ids":[],"destination_port_range":"3001","destination_port_ranges":[],"direction":"Inbound","name":"Grafana","priority":1004,"protocol":"Tcp","source_address_prefix":"*","source_address_prefixes":[],"source_application_security_group_ids":[],"source_port_range":"*","source_port_ranges":[]},{"access":"Allow","description":"","destination_address_prefix":"*","destination_address_prefixes":[],"destination_application_security_group_ids":[],"destination_port_range":"9000-9001","destination_port_ranges":[],"direction":"Inbound","name":"MinIO","priority":1003,"protocol":"Tcp","source_address_prefix":"*","source_address_prefixes":[],"source_application_security_group_ids":[],"source_port_range":"*","source_port_ranges":[]}],"tags":{"Environment":"Development","Project":"SimpleEshop-Cloud"},"timeouts":null},"sensitive_attributes":[],"private":"eyJlMmJmYjczMC1lY2FhLTExZTYtOGY4OC0zNDM2M2JjN2M0YzAiOnsiY3JlYXRlIjoxODAwMDAwMDAwMDAwLCJkZWxldGUiOjE4MDAwMDAwMDAwMDAsInJlYWQiOjMwMDAwMDAwMDAwMCwidXBkYXRlIjoxODAwMDAwMDAwMDAwfX0=","dependencies":["azurerm_resource_group.simpleeshop_rg"]}]},{"mode":"managed","type":"azurerm_public_ip","name":"control_plane_pip","provider":"provider[\"registry.opentofu.org/hashicorp/azurerm\"]","instances":[{"schema_version":0,"attributes":{"allocation_method":"Static","ddos_protection_mode":"VirtualNetworkInherited","ddos_protection_plan_id":null,"domain_name_label":null,"edge_zone":"","fqdn":null,"id":"/subscriptions/1c5e7794-d020-4ef8-82ec-93b77a88c29c/resourceGroups/simpleeshop-cloud-rg/providers/Microsoft.Network/publicIPAddresses/control-plane-pip","idle_timeout_in_minutes":4,"ip_address":"108.142.156.228","ip_tags":null,"ip_version":"IPv4","location":"westeurope","name":"control-plane-pip","public_ip_prefix_id":null,"resource_group_name":"simpleeshop-cloud-rg","reverse_fqdn":null,"sku":"Standard","sku_tier":"Regional","tags":{"Environment":"Development","Project":"SimpleEshop-Cloud"},"timeouts":null,"zones":null},"sensitive_attributes":[],"private":"eyJlMmJmYjczMC1lY2FhLTExZTYtOGY4OC0zNDM2M2JjN2M0YzAiOnsiY3JlYXRlIjoxODAwMDAwMDAwMDAwLCJkZWxldGUiOjE4MDAwMDAwMDAwMDAsInJlYWQiOjMwMDAwMDAwMDAwMCwidXBkYXRlIjoxODAwMDAwMDAwMDAwfX0=","dependencies":["azurerm_resource_group.simpleeshop_rg"]}]},{"mode":"managed","type":"azurerm_public_ip","name":"sweden_worker_pip","provider":"provider[\"registry.opentofu.org/hashicorp/azurerm\"]","instances":[{"schema_version":0,"attributes":{"allocation_method":"Static","ddos_protection_mode":"VirtualNetworkInherited","ddos_protection_plan_id":null,"domain_name_label":null,"edge_zone":"","fqdn":null,"id":"/subscriptions/1c5e7794-d020-4ef8-82ec-93b77a88c29c/resourceGroups/simpleeshop-cloud-rg-sweden/providers/Microsoft.Network/publicIPAddresses/sweden-worker-pip","idle_timeout_in_minutes":4,"ip_address":"4.223.108.114","ip_tags":null,"ip_version":"IPv4","location":"swedencentral","name":"sweden-worker-pip","public_ip_prefix_id":null,"resource_group_name":"simpleeshop-cloud-rg-sweden","reverse_fqdn":null,"sku":"Standard","sku_tier":"Regional","tags":{"Environment":"Development","Project":"SimpleEshop-Cloud","Role":"Sweden-Worker"},"timeouts":null,"zones":null},"sensitive_attributes":[],"private":"eyJlMmJmYjczMC1lY2FhLTExZTYtOGY4OC0zNDM2M2JjN2M0YzAiOnsiY3JlYXRlIjoxODAwMDAwMDAwMDAwLCJkZWxldGUiOjE4MDAwMDAwMDAwMDAsInJlYWQiOjMwMDAwMDAwMDAwMCwidXBkYXRlIjoxODAwMDAwMDAwMDAwfX0=","dependencies":["azurerm_resource_group.simpleeshop_sweden_rg"]}]},{"mode":"managed","type":"azurerm_public_ip","name":"worker_pip","provider":"provider[\"registry.opentofu.org/hashicorp/azurerm\"]","instances":[{"index_key":0,"schema_version":0,"attributes":{"allocation_method":"Static","ddos_protection_mode":"VirtualNetworkInherited","ddos_protection_plan_id":null,"domain_name_label":null,"edge_zone":"","fqdn":null,"id":"/subscriptions/1c5e7794-d020-4ef8-82ec-93b77a88c29c/resourceGroups/simpleeshop-cloud-rg/providers/Microsoft.Network/publicIPAddresses/worker-1-pip","idle_timeout_in_minutes":4,"ip_address":"128.251.152.53","ip_tags":null,"ip_version":"IPv4","location":"westeurope","name":"worker-1-pip","public_ip_prefix_id":null,"resource_group_name":"simpleeshop-cloud-rg","reverse_fqdn":null,"sku":"Standard","sku_tier":"Regional","tags":{"Environment":"Development","Project":"SimpleEshop-Cloud","Role":"Worker-1"},"timeouts":null,"zones":null},"sensitive_attributes":[],"private":"eyJlMmJmYjczMC1lY2FhLTExZTYtOGY4OC0zNDM2M2JjN2M0YzAiOnsiY3JlYXRlIjoxODAwMDAwMDAwMDAwLCJkZWxldGUiOjE4MDAwMDAwMDAwMDAsInJlYWQiOjMwMDAwMDAwMDAwMCwidXBkYXRlIjoxODAwMDAwMDAwMDAwfX0=","dependencies":["azurerm_resource_group.simpleeshop_rg"]}]},{"mode":"managed","type":"azurerm_resource_group","name":"simpleeshop_rg","provider":"provider[\"registry.opentofu.org/hashicorp/azurerm\"]","instances":[{"schema_version":0,"attributes":{"id":"/subscriptions/1c5e7794-d020-4ef8-82ec-93b77a88c29c/resourceGroups/simpleeshop-cloud-rg","location":"westeurope","managed_by":"","name":"simpleeshop-cloud-rg","tags":{"Environment":"Development","Project":"SimpleEshop-Cloud","Purpose":"University-Project"},"timeouts":null},"sensitive_attributes":[],"private":"eyJlMmJmYjczMC1lY2FhLTExZTYtOGY4OC0zNDM2M2JjN2M0YzAiOnsiY3JlYXRlIjo1NDAwMDAwMDAwMDAwLCJkZWxldGUiOjU0MDAwMDAwMDAwMDAsInJlYWQiOjMwMDAwMDAwMDAwMCwidXBkYXRlIjo1NDAwMDAwMDAwMDAwfX0="}]},{"mode":"managed","type":"azurerm_resource_group","name":"simpleeshop_sweden_rg","provider":"provider[\"registry.opentofu.org/hashicorp/azurerm\"]","instances":[{"schema_version":0,"attributes":{"id":"/subscriptions/1c5e7794-d020-4ef8-82ec-93b77a88c29c/resourceGroups/simpleeshop-cloud-rg-sweden","location":"swedencentral","managed_by":"","name":"simpleeshop-cloud-rg-sweden","tags":{"Environment":"Development","Project":"SimpleEshop-Cloud","Purpose":"University-Project-Sweden"},"timeouts":null},"sensitive_attributes":[],"private":"eyJlMmJmYjczMC1lY2FhLTExZTYtOGY4OC0zNDM2M2JjN2M0YzAiOnsiY3JlYXRlIjo1NDAwMDAwMDAwMDAwLCJkZWxldGUiOjU0MDAwMDAwMDAwMDAsInJlYWQiOjMwMDAwMDAwMDAwMCwidXBkYXRlIjo1NDAwMDAwMDAwMDAwfX0="}]},{"mode":"managed","type":"azurerm_subnet","name":"control_plane_subnet","provider":"provider[\"registry.opentofu.org/hashicorp/azurerm\"]","instances":[{"schema_version":0,"attributes":{"address_prefixes":["10.0.1.0/24"],"delegation":[],"enforce_private_link_endpoint_network_policies":false,"enforce_private_link_service_network_policies":false,"id":"/subscriptions/1c5e7794-d020-4ef8-82ec-93b77a88c29c/resourceGroups/simpleeshop-cloud-rg/providers/Microsoft.Network/virtualNetworks/simpleeshop-vnet/subnets/control-plane-subnet","name":"control-plane-subnet","private_endpoint_network_policies_enabled":true,"private_link_service_network_policies_enabled":true,"resource_group_name":"simpleeshop-cloud-rg","service_endpoint_policy_ids":null,"service_endpoints":null,"timeouts":null,"virtual_network_name":"simpleeshop-vnet"},"sensitive_attributes":[],"private":"eyJlMmJmYjczMC1lY2FhLTExZTYtOGY4OC0zNDM2M2JjN2M0YzAiOnsiY3JlYXRlIjoxODAwMDAwMDAwMDAwLCJkZWxldGUiOjE4MDAwMDAwMDAwMDAsInJlYWQiOjMwMDAwMDAwMDAwMCwidXBkYXRlIjoxODAwMDAwMDAwMDAwfX0=","dependencies":["azurerm_resource_group.simpleeshop_rg","azurerm_virtual_network.simpleeshop_vnet"]}]},{"mode":"managed","type":"azurerm_subnet","name":"sweden_worker_subnet","provider":"provider[\"registry.opentofu.org/hashicorp/azurerm\"]","instances":[{"schema_version":0,"attributes":{"address_prefixes":["10.1.2.0/24"],"delegation":[],"enforce_private_link_endpoint_network_policies":false,"enforce_private_link_service_network_policies":false,"id":"/subscriptions/1c5e7794-d020-4ef8-82ec-93b77a88c29c/resourceGroups/simpleeshop-cloud-rg-sweden/providers/Microsoft.Network/virtualNetworks/simpleeshop-sweden-vnet/subnets/sweden-worker-subnet","name":"sweden-worker-subnet","private_endpoint_network_policies_enabled":true,"private_link_service_network_policies_enabled":true,"resource_group_name":"simpleeshop-cloud-rg-sweden","service_endpoint_policy_ids":null,"service_endpoints":null,"timeouts":null,"virtual_network_name":"simpleeshop-sweden-vnet"},"sensitive_attributes":[],"private":"eyJlMmJmYjczMC1lY2FhLTExZTYtOGY4OC0zNDM2M2JjN2M0YzAiOnsiY3JlYXRlIjoxODAwMDAwMDAwMDAwLCJkZWxldGUiOjE4MDAwMDAwMDAwMDAsInJlYWQiOjMwMDAwMDAwMDAwMCwidXBkYXRlIjoxODAwMDAwMDAwMDAwfX0=","dependencies":["azurerm_resource_group.simpleeshop_sweden_rg","azurerm_virtual_network.simpleeshop_sweden_vnet"]}]},{"mode":"managed","type":"azurerm_subnet","name":"worker_subnet","provider":"provider[\"registry.opentofu.org/hashicorp/azurerm\"]","instances":[{"schema_version":0,"attributes":{"address_prefixes":["10.0.2.0/24"],"delegation":[],"enforce_private_link_endpoint_network_policies":false,"enforce_private_link_service_network_policies":false,"id":"/subscriptions/1c5e7794-d020-4ef8-82ec-93b77a88c29c/resourceGroups/simpleeshop-cloud-rg/providers/Microsoft.Network/virtualNetworks/simpleeshop-vnet/subnets/worker-subnet","name":"worker-subnet","private_endpoint_network_policies_enabled":true,"private_link_service_network_policies_enabled":true,"resource_group_name":"simpleeshop-cloud-rg","service_endpoint_policy_ids":null,"service_endpoints":null,"timeouts":null,"virtual_network_name":"simpleeshop-vnet"},"sensitive_attributes":[],"private":"eyJlMmJmYjczMC1lY2FhLTExZTYtOGY4OC0zNDM2M2JjN2M0YzAiOnsiY3JlYXRlIjoxODAwMDAwMDAwMDAwLCJkZWxldGUiOjE4MDAwMDAwMDAwMDAsInJlYWQiOjMwMDAwMDAwMDAwMCwidXBkYXRlIjoxODAwMDAwMDAwMDAwfX0=","dependencies":["azurerm_resource_group.simpleeshop_rg","azurerm_virtual_network.simpleeshop_vnet"]}]},{"mode":"managed","type":"azurerm_virtual_network","name":"simpleeshop_sweden_vnet","provider":"provider[\"registry.opentofu.org/hashicorp/azurerm\"]","instances":[{"schema_version":0,"attributes":{"address_space":["10.1.0.0/16"],"bgp_community":"","ddos_protection_plan":[],"dns_servers":[],"edge_zone":"","encryption":[],"flow_timeout_in_minutes":0,"guid":"81260b1f-08c6-4368-b2dc-86b14806395d","id":"/subscriptions/1c5e7794-d020-4ef8-82ec-93b77a88c29c/resourceGroups/simpleeshop-cloud-rg-sweden/providers/Microsoft.Network/virtualNetworks/simpleeshop-sweden-vnet","location":"swedencentral","name":"simpleeshop-sweden-vnet","resource_group_name":"simpleeshop-cloud-rg-sweden","subnet":[],"tags":{"Environment":"Development","Project":"SimpleEshop-Cloud"},"timeouts":null},"sensitive_attributes":[],"private":"eyJlMmJmYjczMC1lY2FhLTExZTYtOGY4OC0zNDM2M2JjN2M0YzAiOnsiY3JlYXRlIjoxODAwMDAwMDAwMDAwLCJkZWxldGUiOjE4MDAwMDAwMDAwMDAsInJlYWQiOjMwMDAwMDAwMDAwMCwidXBkYXRlIjoxODAwMDAwMDAwMDAwfX0=","dependencies":["azurerm_resource_group.simpleeshop_sweden_rg"]}]},{"mode":"managed","type":"azurerm_virtual_network","name":"simpleeshop_vnet","provider":"provider[\"registry.opentofu.org/hashicorp/azurerm\"]","instances":[{"schema_version":0,"attributes":{"address_space":["10.0.0.0/16"],"bgp_community":"","ddos_protection_plan":[],"dns_servers":[],"edge_zone":"","encryption":[],"flow_timeout_in_minutes":0,"guid":"1e42e282-62f0-4a56-aa39-3e69e72319d3","id":"/subscriptions/1c5e7794-d020-4ef8-82ec-93b77a88c29c/resourceGroups/simpleeshop-cloud-rg/providers/Microsoft.Network/virtualNetworks/simpleeshop-vnet","location":"westeurope","name":"simpleeshop-vnet","resource_group_name":"simpleeshop-cloud-rg","subnet":[],"tags":{"Environment":"Development","Project":"SimpleEshop-Cloud"},"timeouts":null},"sensitive_attributes":[],"private":"eyJlMmJmYjczMC1lY2FhLTExZTYtOGY4OC0zNDM2M2JjN2M0YzAiOnsiY3JlYXRlIjoxODAwMDAwMDAwMDAwLCJkZWxldGUiOjE4MDAwMDAwMDAwMDAsInJlYWQiOjMwMDAwMDAwMDAwMCwidXBkYXRlIjoxODAwMDAwMDAwMDAwfX0=","dependencies":["azurerm_resource_group.simpleeshop_rg"]}]},{"mode":"managed","type":"local_file","name":"ssh_config","provider":"provider[\"registry.opentofu.org/hashicorp/local\"]","instances":[{"schema_version":0,"attributes":{"content":"Host simpleeshop-control-plane\n  HostName 108.142.156.228\n  User azureuser\n  IdentityFile ~/.ssh/azure_rsa\n  Port 22\n  StrictHostKeyChecking no\n  UserKnownHostsFile=/dev/null\n\nHost simpleeshop-worker-1\n  HostName 128.251.152.53\n  User azureuser\n  IdentityFile ~/.ssh/azure_rsa\n  Port 22\n  StrictHostKeyChecking no\n  UserKnownHostsFile=/dev/null\n\n","content_base64":null,"content_base64sha256":"Y4dvfjrKE4xpKEF9i10MyFyhM6ras4pO/Sp7eH4bXNc=","content_base64sha512":"5CcSBt7stxq+tqHYoUEaFlAbbYqAMc8vBk1T8tD7fD4EFLfp4NTwrjN2qzN+L1QhPfV8RX3y0bh3dygsfnLjXA==","content_md5":"e53e7cb03458a8f9f093336e6f4bc8e6","content_sha1":"9165b0991c5af73287879d20a2e80e570d7ad693","content_sha256":"63876f7e3aca138c6928417d8b5d0cc85ca133aadab38a4efd2a7b787e1b5cd7","content_sha512":"e4271206deecb71abeb6a1d8a1411a16501b6d8a8031cf2f064d53f2d0fb7c3e0414b7e9e0d4f0ae3376ab337e2f54213df57c457df2d1b87777282c7e72e35c","directory_permission":"0777","file_permission":"0777","filename":"/tmp/simpleeshop_ssh_config","id":"9165b0991c5af73287879d20a2e80e570d7ad693","sensitive_content":null,"source":null},"sensitive_attributes":[[{"type":"get_attr","value":"sensitive_content"}]],"dependencies":["azurerm_public_ip.control_plane_pip","azurerm_public_ip.worker_pip","azurerm_resource_group.simpleeshop_rg"]}]},{"mode":"managed","type":"null_resource","name":"update_ssh_config","provider":"provider[\"registry.opentofu.org/hashicorp/null\"]","instances":[{"schema_version":0,"attributes":{"id":"89643610767431617","triggers":null},"sensitive_attributes":[],"dependencies":["azurerm_public_ip.control_plane_pip","azurerm_public_ip.worker_pip","azurerm_resource_group.simpleeshop_rg","local_file.ssh_config"]}]}],"check_results":[{"object_kind":"var","config_addr":"var.control_plane_vm_size","status":"pass","objects":[{"object_addr":"var.control_plane_vm_size","status":"pass"}]},{"object_kind":"var","config_addr":"var.worker_vm_size","status":"pass","objects":[{"object_addr":"var.worker_vm_size","status":"pass"}]},{"object_kind":"var","config_addr":"var.worker_count","status":"pass","objects":[{"object_addr":"var.worker_count","status":"pass"}]}]}
