{"version":4,"terraform_version":"1.9.1","serial":113,"lineage":"593e91ea-465f-aa45-8852-8d9937652575","outputs":{"application_urls":{"value":{"argocd":"http://172.201.62.186:8090","grafana":"http://172.211.23.29:3001","jenkins":"http://172.201.62.186:8080","minio":"http://98.71.182.41:9001","simpleeshop":"http://98.71.182.41:3000"},"type":["object",{"argocd":"string","grafana":"string","jenkins":"string","minio":"string","simpleeshop":"string"}]},"control_plane_public_ip":{"value":"172.201.62.186","type":"string"},"control_plane_ssh_command":{"value":"ssh azureuser@172.201.62.186","type":"string"},"kubernetes_cluster_info":{"value":{"control_plane":"172.201.62.186","worker_count":2,"workers":["98.71.182.41","172.211.23.29"]},"type":["object",{"control_plane":"string","worker_count":"number","workers":["tuple",["string","string"]]}]},"resource_group_name":{"value":"simpleeshop-cloud-rg","type":"string"},"worker_public_ips":{"value":["98.71.182.41","172.211.23.29"],"type":["tuple",["string","string"]]},"worker_ssh_commands":{"value":["ssh azureuser@98.71.182.41  # Worker 1","ssh azureuser@172.211.23.29  # Worker 2"],"type":["tuple",["string","string"]]}},"resources":[{"mode":"managed","type":"azurerm_dev_test_global_vm_shutdown_schedule","name":"control_plane_shutdown","provider":"provider[\"registry.opentofu.org/hashicorp/azurerm\"]","instances":[{"schema_version":0,"attributes":{"daily_recurrence_time":"0200","enabled":true,"id":"/subscriptions/1c5e7794-d020-4ef8-82ec-93b77a88c29c/resourceGroups/simpleeshop-cloud-rg/providers/Microsoft.DevTestLab/schedules/shutdown-computevm-control-plane-vm","location":"westeurope","notification_settings":[{"email":"charitosdim93@gmail.com","enabled":true,"time_in_minutes":30,"webhook_url":""}],"tags":{"Environment":"Development","Project":"SimpleEshop-Cloud"},"timeouts":null,"timezone":"E. Europe Standard Time","virtual_machine_id":"/subscriptions/1c5e7794-d020-4ef8-82ec-93b77a88c29c/resourceGroups/simpleeshop-cloud-rg/providers/Microsoft.Compute/virtualMachines/control-plane-vm"},"sensitive_attributes":[],"private":"eyJlMmJmYjczMC1lY2FhLTExZTYtOGY4OC0zNDM2M2JjN2M0YzAiOnsiY3JlYXRlIjoxODAwMDAwMDAwMDAwLCJkZWxldGUiOjE4MDAwMDAwMDAwMDAsInJlYWQiOjMwMDAwMDAwMDAwMCwidXBkYXRlIjoxODAwMDAwMDAwMDAwfX0=","dependencies":["azurerm_linux_virtual_machine.control_plane_vm","azurerm_network_interface.control_plane_nic","azurerm_public_ip.control_plane_pip","azurerm_resource_group.simpleeshop_rg","azurerm_subnet.control_plane_subnet","azurerm_virtual_network.simpleeshop_vnet"]}]},{"mode":"managed","type":"azurerm_dev_test_global_vm_shutdown_schedule","name":"worker_shutdown","provider":"provider[\"registry.opentofu.org/hashicorp/azurerm\"]","instances":[{"index_key":0,"schema_version":0,"attributes":{"daily_recurrence_time":"0200","enabled":true,"id":"/subscriptions/1c5e7794-d020-4ef8-82ec-93b77a88c29c/resourceGroups/simpleeshop-cloud-rg/providers/Microsoft.DevTestLab/schedules/shutdown-computevm-worker-1-vm","location":"westeurope","notification_settings":[{"email":"charitosdim93@gmail.com","enabled":true,"time_in_minutes":30,"webhook_url":""}],"tags":{"Environment":"Development","Project":"SimpleEshop-Cloud"},"timeouts":null,"timezone":"E. Europe Standard Time","virtual_machine_id":"/subscriptions/1c5e7794-d020-4ef8-82ec-93b77a88c29c/resourceGroups/simpleeshop-cloud-rg/providers/Microsoft.Compute/virtualMachines/worker-1-vm"},"sensitive_attributes":[],"private":"eyJlMmJmYjczMC1lY2FhLTExZTYtOGY4OC0zNDM2M2JjN2M0YzAiOnsiY3JlYXRlIjoxODAwMDAwMDAwMDAwLCJkZWxldGUiOjE4MDAwMDAwMDAwMDAsInJlYWQiOjMwMDAwMDAwMDAwMCwidXBkYXRlIjoxODAwMDAwMDAwMDAwfX0=","dependencies":["azurerm_linux_virtual_machine.worker_vm","azurerm_network_interface.worker_nic","azurerm_public_ip.worker_pip","azurerm_resource_group.simpleeshop_rg","azurerm_subnet.worker_subnet","azurerm_virtual_network.simpleeshop_vnet"]},{"index_key":1,"schema_version":0,"attributes":{"daily_recurrence_time":"0200","enabled":true,"id":"/subscriptions/1c5e7794-d020-4ef8-82ec-93b77a88c29c/resourceGroups/simpleeshop-cloud-rg/providers/Microsoft.DevTestLab/schedules/shutdown-computevm-worker-2-vm","location":"westeurope","notification_settings":[{"email":"charitosdim93@gmail.com","enabled":true,"time_in_minutes":30,"webhook_url":""}],"tags":{"Environment":"Development","Project":"SimpleEshop-Cloud"},"timeouts":null,"timezone":"E. Europe Standard Time","virtual_machine_id":"/subscriptions/1c5e7794-d020-4ef8-82ec-93b77a88c29c/resourceGroups/simpleeshop-cloud-rg/providers/Microsoft.Compute/virtualMachines/worker-2-vm"},"sensitive_attributes":[],"private":"eyJlMmJmYjczMC1lY2FhLTExZTYtOGY4OC0zNDM2M2JjN2M0YzAiOnsiY3JlYXRlIjoxODAwMDAwMDAwMDAwLCJkZWxldGUiOjE4MDAwMDAwMDAwMDAsInJlYWQiOjMwMDAwMDAwMDAwMCwidXBkYXRlIjoxODAwMDAwMDAwMDAwfX0=","dependencies":["azurerm_linux_virtual_machine.worker_vm","azurerm_network_interface.worker_nic","azurerm_public_ip.worker_pip","azurerm_resource_group.simpleeshop_rg","azurerm_subnet.worker_subnet","azurerm_virtual_network.simpleeshop_vnet"]}]},{"mode":"managed","type":"azurerm_linux_virtual_machine","name":"control_plane_vm","provider":"provider[\"registry.opentofu.org/hashicorp/azurerm\"]","instances":[{"schema_version":0,"attributes":{"additional_capabilities":[],"admin_password":null,"admin_ssh_key":[{"public_key":"ssh-rsa AAAAB3NzaC1yc2EAAAADAQABAAACAQDFlA4HUeAnwyFLZTonH31Q7ENXbUL3581OO+q5E9X9IUV1WnViC7kZ+dFIE2d0Hrs2jKYF1o3d+j5bUpKbsxDLgSlI2ziwrtcMA5hYkedr+j8K1ZPV3TsP0njEKu28EIRNcwo9DIl0M0iclGsK6cckLrBfDShBXzM+cjKWBBek6Pr/SecUIrZmiNTHMm5+amyjNuQVK5LnvqXkYNCAjTJ8xkCoQcni+Fa3ns+P/LpqC0kRxLz6ga4tJBVp6nXbsIBWT889sSv0OtTu8n/KmVh8/udMdDtwblpqTmE9h/mutsE4g0vR+n1TDrSIC0p7OPWYRlb4suZk4aAGaB4oZ+qCCATEB55TmawiPvYC/eGaWrtWbJzZdhfYkom0Bv0fNVSpYzCsbGAYukPh/ZP4cDqQUmfmoJTefXO/gBkYfGwWxJMEQAwhc/i31iA3boM5lS6Q6RbTimW7iV/EXIqH21K2pncbb6+wISorHCD9CAdq9HrBKA0HgBiamhLp48iy0OZ/Jt/PIDQdCpvOkscU7Q75DcvW8LHqYdrkrxnvv6RFG21Uvx8K5zlPbesIjLBpBGMxC5VhZ0WacqpZ6pB2JB64Sp4NZiXKZaWO0MBDzP+Z43pVwkFXVEzjtmS0OszWfAGFHjmoGolIy4RUIFyq4l1sGYmT24yBajllPD+kW7lD4Q== azure-simpleeshop","username":"azureuser"}],"admin_username":"azureuser","allow_extension_operations":true,"availability_set_id":"","boot_diagnostics":[],"bypass_platform_safety_checks_on_user_schedule_enabled":false,"capacity_reservation_group_id":"","computer_name":"control-plane-vm","custom_data":null,"dedicated_host_group_id":"","dedicated_host_id":"","disable_password_authentication":true,"edge_zone":"","encryption_at_host_enabled":false,"eviction_policy":"","extensions_time_budget":"PT1H30M","gallery_application":[],"id":"/subscriptions/1c5e7794-d020-4ef8-82ec-93b77a88c29c/resourceGroups/simpleeshop-cloud-rg/providers/Microsoft.Compute/virtualMachines/control-plane-vm","identity":[],"license_type":"","location":"westeurope","max_bid_price":-1,"name":"control-plane-vm","network_interface_ids":["/subscriptions/1c5e7794-d020-4ef8-82ec-93b77a88c29c/resourceGroups/simpleeshop-cloud-rg/providers/Microsoft.Network/networkInterfaces/control-plane-nic"],"os_disk":[{"caching":"ReadWrite","diff_disk_settings":[],"disk_encryption_set_id":"","disk_size_gb":30,"name":"control-plane-os-disk","secure_vm_disk_encryption_set_id":"","security_encryption_type":"","storage_account_type":"Premium_LRS","write_accelerator_enabled":false}],"patch_assessment_mode":"ImageDefault","patch_mode":"ImageDefault","plan":[],"platform_fault_domain":-1,"priority":"Regular","private_ip_address":"10.0.1.4","private_ip_addresses":["10.0.1.4"],"provision_vm_agent":true,"proximity_placement_group_id":"","public_ip_address":"172.201.62.186","public_ip_addresses":["172.201.62.186"],"reboot_setting":"","resource_group_name":"simpleeshop-cloud-rg","secret":[],"secure_boot_enabled":false,"size":"Standard_B1s","source_image_id":"","source_image_reference":[{"offer":"ubuntu-24_04-lts","publisher":"Canonical","sku":"server","version":"latest"}],"tags":{"Environment":"Development","Project":"SimpleEshop-Cloud","Role":"Control-Plane"},"termination_notification":[],"timeouts":null,"user_data":"","virtual_machine_id":"cd90f03a-4a9c-4b42-8f2c-a68a2b8a14f8","virtual_machine_scale_set_id":"","vtpm_enabled":false,"zone":""},"sensitive_attributes":[[{"type":"get_attr","value":"admin_password"}],[{"type":"get_attr","value":"custom_data"}]],"private":"eyJlMmJmYjczMC1lY2FhLTExZTYtOGY4OC0zNDM2M2JjN2M0YzAiOnsiY3JlYXRlIjoyNzAwMDAwMDAwMDAwLCJkZWxldGUiOjI3MDAwMDAwMDAwMDAsInJlYWQiOjMwMDAwMDAwMDAwMCwidXBkYXRlIjoyNzAwMDAwMDAwMDAwfX0=","dependencies":["azurerm_network_interface.control_plane_nic","azurerm_public_ip.control_plane_pip","azurerm_resource_group.simpleeshop_rg","azurerm_subnet.control_plane_subnet","azurerm_virtual_network.simpleeshop_vnet"]}]},{"mode":"managed","type":"azurerm_linux_virtual_machine","name":"worker_vm","provider":"provider[\"registry.opentofu.org/hashicorp/azurerm\"]","instances":[{"index_key":0,"schema_version":0,"attributes":{"additional_capabilities":[],"admin_password":null,"admin_ssh_key":[{"public_key":"ssh-rsa AAAAB3NzaC1yc2EAAAADAQABAAACAQDFlA4HUeAnwyFLZTonH31Q7ENXbUL3581OO+q5E9X9IUV1WnViC7kZ+dFIE2d0Hrs2jKYF1o3d+j5bUpKbsxDLgSlI2ziwrtcMA5hYkedr+j8K1ZPV3TsP0njEKu28EIRNcwo9DIl0M0iclGsK6cckLrBfDShBXzM+cjKWBBek6Pr/SecUIrZmiNTHMm5+amyjNuQVK5LnvqXkYNCAjTJ8xkCoQcni+Fa3ns+P/LpqC0kRxLz6ga4tJBVp6nXbsIBWT889sSv0OtTu8n/KmVh8/udMdDtwblpqTmE9h/mutsE4g0vR+n1TDrSIC0p7OPWYRlb4suZk4aAGaB4oZ+qCCATEB55TmawiPvYC/eGaWrtWbJzZdhfYkom0Bv0fNVSpYzCsbGAYukPh/ZP4cDqQUmfmoJTefXO/gBkYfGwWxJMEQAwhc/i31iA3boM5lS6Q6RbTimW7iV/EXIqH21K2pncbb6+wISorHCD9CAdq9HrBKA0HgBiamhLp48iy0OZ/Jt/PIDQdCpvOkscU7Q75DcvW8LHqYdrkrxnvv6RFG21Uvx8K5zlPbesIjLBpBGMxC5VhZ0WacqpZ6pB2JB64Sp4NZiXKZaWO0MBDzP+Z43pVwkFXVEzjtmS0OszWfAGFHjmoGolIy4RUIFyq4l1sGYmT24yBajllPD+kW7lD4Q== azure-simpleeshop","username":"azureuser"}],"admin_username":"azureuser","allow_extension_operations":true,"availability_set_id":"","boot_diagnostics":[],"bypass_platform_safety_checks_on_user_schedule_enabled":false,"capacity_reservation_group_id":"","computer_name":"worker-1-vm","custom_data":null,"dedicated_host_group_id":"","dedicated_host_id":"","disable_password_authentication":true,"edge_zone":"","encryption_at_host_enabled":false,"eviction_policy":"","extensions_time_budget":"PT1H30M","gallery_application":[],"id":"/subscriptions/1c5e7794-d020-4ef8-82ec-93b77a88c29c/resourceGroups/simpleeshop-cloud-rg/providers/Microsoft.Compute/virtualMachines/worker-1-vm","identity":[],"license_type":"","location":"westeurope","max_bid_price":-1,"name":"worker-1-vm","network_interface_ids":["/subscriptions/1c5e7794-d020-4ef8-82ec-93b77a88c29c/resourceGroups/simpleeshop-cloud-rg/providers/Microsoft.Network/networkInterfaces/worker-1-nic"],"os_disk":[{"caching":"ReadWrite","diff_disk_settings":[],"disk_encryption_set_id":"","disk_size_gb":30,"name":"worker-1-os-disk","secure_vm_disk_encryption_set_id":"","security_encryption_type":"","storage_account_type":"Standard_LRS","write_accelerator_enabled":false}],"patch_assessment_mode":"ImageDefault","patch_mode":"ImageDefault","plan":[],"platform_fault_domain":-1,"priority":"Regular","private_ip_address":"10.0.2.4","private_ip_addresses":["10.0.2.4"],"provision_vm_agent":true,"proximity_placement_group_id":"","public_ip_address":"98.71.182.41","public_ip_addresses":["98.71.182.41"],"reboot_setting":"","resource_group_name":"simpleeshop-cloud-rg","secret":[],"secure_boot_enabled":false,"size":"Standard_B1s","source_image_id":"","source_image_reference":[{"offer":"ubuntu-24_04-lts","publisher":"Canonical","sku":"server","version":"latest"}],"tags":{"Environment":"Development","Project":"SimpleEshop-Cloud","Role":"Worker-1"},"termination_notification":[],"timeouts":null,"user_data":"","virtual_machine_id":"68919dff-8a49-498a-b214-366a85e8d0eb","virtual_machine_scale_set_id":"","vtpm_enabled":false,"zone":""},"sensitive_attributes":[[{"type":"get_attr","value":"custom_data"}],[{"type":"get_attr","value":"admin_password"}]],"private":"eyJlMmJmYjczMC1lY2FhLTExZTYtOGY4OC0zNDM2M2JjN2M0YzAiOnsiY3JlYXRlIjoyNzAwMDAwMDAwMDAwLCJkZWxldGUiOjI3MDAwMDAwMDAwMDAsInJlYWQiOjMwMDAwMDAwMDAwMCwidXBkYXRlIjoyNzAwMDAwMDAwMDAwfX0=","dependencies":["azurerm_network_interface.worker_nic","azurerm_public_ip.worker_pip","azurerm_resource_group.simpleeshop_rg","azurerm_subnet.worker_subnet","azurerm_virtual_network.simpleeshop_vnet"]},{"index_key":1,"schema_version":0,"attributes":{"additional_capabilities":[],"admin_password":null,"admin_ssh_key":[{"public_key":"ssh-rsa AAAAB3NzaC1yc2EAAAADAQABAAACAQDFlA4HUeAnwyFLZTonH31Q7ENXbUL3581OO+q5E9X9IUV1WnViC7kZ+dFIE2d0Hrs2jKYF1o3d+j5bUpKbsxDLgSlI2ziwrtcMA5hYkedr+j8K1ZPV3TsP0njEKu28EIRNcwo9DIl0M0iclGsK6cckLrBfDShBXzM+cjKWBBek6Pr/SecUIrZmiNTHMm5+amyjNuQVK5LnvqXkYNCAjTJ8xkCoQcni+Fa3ns+P/LpqC0kRxLz6ga4tJBVp6nXbsIBWT889sSv0OtTu8n/KmVh8/udMdDtwblpqTmE9h/mutsE4g0vR+n1TDrSIC0p7OPWYRlb4suZk4aAGaB4oZ+qCCATEB55TmawiPvYC/eGaWrtWbJzZdhfYkom0Bv0fNVSpYzCsbGAYukPh/ZP4cDqQUmfmoJTefXO/gBkYfGwWxJMEQAwhc/i31iA3boM5lS6Q6RbTimW7iV/EXIqH21K2pncbb6+wISorHCD9CAdq9HrBKA0HgBiamhLp48iy0OZ/Jt/PIDQdCpvOkscU7Q75DcvW8LHqYdrkrxnvv6RFG21Uvx8K5zlPbesIjLBpBGMxC5VhZ0WacqpZ6pB2JB64Sp4NZiXKZaWO0MBDzP+Z43pVwkFXVEzjtmS0OszWfAGFHjmoGolIy4RUIFyq4l1sGYmT24yBajllPD+kW7lD4Q== azure-simpleeshop","username":"azureuser"}],"admin_username":"azureuser","allow_extension_operations":true,"availability_set_id":"","boot_diagnostics":[],"bypass_platform_safety_checks_on_user_schedule_enabled":false,"capacity_reservation_group_id":"","computer_name":"worker-2-vm","custom_data":null,"dedicated_host_group_id":"","dedicated_host_id":"","disable_password_authentication":true,"edge_zone":"","encryption_at_host_enabled":false,"eviction_policy":"","extensions_time_budget":"PT1H30M","gallery_application":[],"id":"/subscriptions/1c5e7794-d020-4ef8-82ec-93b77a88c29c/resourceGroups/simpleeshop-cloud-rg/providers/Microsoft.Compute/virtualMachines/worker-2-vm","identity":[],"license_type":"","location":"westeurope","max_bid_price":-1,"name":"worker-2-vm","network_interface_ids":["/subscriptions/1c5e7794-d020-4ef8-82ec-93b77a88c29c/resourceGroups/simpleeshop-cloud-rg/providers/Microsoft.Network/networkInterfaces/worker-2-nic"],"os_disk":[{"caching":"ReadWrite","diff_disk_settings":[],"disk_encryption_set_id":"","disk_size_gb":30,"name":"worker-2-os-disk","secure_vm_disk_encryption_set_id":"","security_encryption_type":"","storage_account_type":"Standard_LRS","write_accelerator_enabled":false}],"patch_assessment_mode":"ImageDefault","patch_mode":"ImageDefault","plan":[],"platform_fault_domain":-1,"priority":"Regular","private_ip_address":"10.0.2.5","private_ip_addresses":["10.0.2.5"],"provision_vm_agent":true,"proximity_placement_group_id":"","public_ip_address":"172.211.23.29","public_ip_addresses":["172.211.23.29"],"reboot_setting":"","resource_group_name":"simpleeshop-cloud-rg","secret":[],"secure_boot_enabled":false,"size":"Standard_B1s","source_image_id":"","source_image_reference":[{"offer":"ubuntu-24_04-lts","publisher":"Canonical","sku":"server","version":"latest"}],"tags":{"Environment":"Development","Project":"SimpleEshop-Cloud","Role":"Worker-2"},"termination_notification":[],"timeouts":null,"user_data":"","virtual_machine_id":"c44e506e-43a2-4801-8a62-34c37648f781","virtual_machine_scale_set_id":"","vtpm_enabled":false,"zone":""},"sensitive_attributes":[[{"type":"get_attr","value":"admin_password"}],[{"type":"get_attr","value":"custom_data"}]],"private":"eyJlMmJmYjczMC1lY2FhLTExZTYtOGY4OC0zNDM2M2JjN2M0YzAiOnsiY3JlYXRlIjoyNzAwMDAwMDAwMDAwLCJkZWxldGUiOjI3MDAwMDAwMDAwMDAsInJlYWQiOjMwMDAwMDAwMDAwMCwidXBkYXRlIjoyNzAwMDAwMDAwMDAwfX0=","dependencies":["azurerm_network_interface.worker_nic","azurerm_public_ip.worker_pip","azurerm_resource_group.simpleeshop_rg","azurerm_subnet.worker_subnet","azurerm_virtual_network.simpleeshop_vnet"]}]},{"mode":"managed","type":"azurerm_network_interface","name":"control_plane_nic","provider":"provider[\"registry.opentofu.org/hashicorp/azurerm\"]","instances":[{"schema_version":0,"attributes":{"applied_dns_servers":[],"auxiliary_mode":"","auxiliary_sku":"","dns_servers":[],"edge_zone":"","enable_accelerated_networking":false,"enable_ip_forwarding":false,"id":"/subscriptions/1c5e7794-d020-4ef8-82ec-93b77a88c29c/resourceGroups/simpleeshop-cloud-rg/providers/Microsoft.Network/networkInterfaces/control-plane-nic","internal_dns_name_label":"","internal_domain_name_suffix":"5dxyifb0jzxu3ohnpcnsr3xrnb.ax.internal.cloudapp.net","ip_configuration":[{"gateway_load_balancer_frontend_ip_configuration_id":"","name":"internal","primary":true,"private_ip_address":"10.0.1.4","private_ip_address_allocation":"Dynamic","private_ip_address_version":"IPv4","public_ip_address_id":"/subscriptions/1c5e7794-d020-4ef8-82ec-93b77a88c29c/resourceGroups/simpleeshop-cloud-rg/providers/Microsoft.Network/publicIPAddresses/control-plane-pip","subnet_id":"/subscriptions/1c5e7794-d020-4ef8-82ec-93b77a88c29c/resourceGroups/simpleeshop-cloud-rg/providers/Microsoft.Network/virtualNetworks/simpleeshop-vnet/subnets/control-plane-subnet"}],"location":"westeurope","mac_address":"00-0D-3A-29-9F-2F","name":"control-plane-nic","private_ip_address":"10.0.1.4","private_ip_addresses":["10.0.1.4"],"resource_group_name":"simpleeshop-cloud-rg","tags":{"Environment":"Development","Project":"SimpleEshop-Cloud"},"timeouts":null,"virtual_machine_id":"/subscriptions/1c5e7794-d020-4ef8-82ec-93b77a88c29c/resourceGroups/simpleeshop-cloud-rg/providers/Microsoft.Compute/virtualMachines/control-plane-vm"},"sensitive_attributes":[],"private":"eyJlMmJmYjczMC1lY2FhLTExZTYtOGY4OC0zNDM2M2JjN2M0YzAiOnsiY3JlYXRlIjoxODAwMDAwMDAwMDAwLCJkZWxldGUiOjE4MDAwMDAwMDAwMDAsInJlYWQiOjMwMDAwMDAwMDAwMCwidXBkYXRlIjoxODAwMDAwMDAwMDAwfX0=","dependencies":["azurerm_public_ip.control_plane_pip","azurerm_resource_group.simpleeshop_rg","azurerm_subnet.control_plane_subnet","azurerm_virtual_network.simpleeshop_vnet"]}]},{"mode":"managed","type":"azurerm_network_interface","name":"worker_nic","provider":"provider[\"registry.opentofu.org/hashicorp/azurerm\"]","instances":[{"index_key":0,"schema_version":0,"attributes":{"applied_dns_servers":[],"auxiliary_mode":"","auxiliary_sku":"","dns_servers":[],"edge_zone":"","enable_accelerated_networking":false,"enable_ip_forwarding":false,"id":"/subscriptions/1c5e7794-d020-4ef8-82ec-93b77a88c29c/resourceGroups/simpleeshop-cloud-rg/providers/Microsoft.Network/networkInterfaces/worker-1-nic","internal_dns_name_label":"","internal_domain_name_suffix":"5dxyifb0jzxu3ohnpcnsr3xrnb.ax.internal.cloudapp.net","ip_configuration":[{"gateway_load_balancer_frontend_ip_configuration_id":"","name":"internal","primary":true,"private_ip_address":"10.0.2.4","private_ip_address_allocation":"Dynamic","private_ip_address_version":"IPv4","public_ip_address_id":"/subscriptions/1c5e7794-d020-4ef8-82ec-93b77a88c29c/resourceGroups/simpleeshop-cloud-rg/providers/Microsoft.Network/publicIPAddresses/worker-1-pip","subnet_id":"/subscriptions/1c5e7794-d020-4ef8-82ec-93b77a88c29c/resourceGroups/simpleeshop-cloud-rg/providers/Microsoft.Network/virtualNetworks/simpleeshop-vnet/subnets/worker-subnet"}],"location":"westeurope","mac_address":"00-0D-3A-21-55-03","name":"worker-1-nic","private_ip_address":"10.0.2.4","private_ip_addresses":["10.0.2.4"],"resource_group_name":"simpleeshop-cloud-rg","tags":{"Environment":"Development","Project":"SimpleEshop-Cloud","Role":"Worker-1"},"timeouts":null,"virtual_machine_id":"/subscriptions/1c5e7794-d020-4ef8-82ec-93b77a88c29c/resourceGroups/simpleeshop-cloud-rg/providers/Microsoft.Compute/virtualMachines/worker-1-vm"},"sensitive_attributes":[],"private":"eyJlMmJmYjczMC1lY2FhLTExZTYtOGY4OC0zNDM2M2JjN2M0YzAiOnsiY3JlYXRlIjoxODAwMDAwMDAwMDAwLCJkZWxldGUiOjE4MDAwMDAwMDAwMDAsInJlYWQiOjMwMDAwMDAwMDAwMCwidXBkYXRlIjoxODAwMDAwMDAwMDAwfX0=","dependencies":["azurerm_public_ip.worker_pip","azurerm_resource_group.simpleeshop_rg","azurerm_subnet.worker_subnet","azurerm_virtual_network.simpleeshop_vnet"]},{"index_key":1,"schema_version":0,"attributes":{"applied_dns_servers":[],"auxiliary_mode":"","auxiliary_sku":"","dns_servers":[],"edge_zone":"","enable_accelerated_networking":false,"enable_ip_forwarding":false,"id":"/subscriptions/1c5e7794-d020-4ef8-82ec-93b77a88c29c/resourceGroups/simpleeshop-cloud-rg/providers/Microsoft.Network/networkInterfaces/worker-2-nic","internal_dns_name_label":"","internal_domain_name_suffix":"5dxyifb0jzxu3ohnpcnsr3xrnb.ax.internal.cloudapp.net","ip_configuration":[{"gateway_load_balancer_frontend_ip_configuration_id":"","name":"internal","primary":true,"private_ip_address":"10.0.2.5","private_ip_address_allocation":"Dynamic","private_ip_address_version":"IPv4","public_ip_address_id":"/subscriptions/1c5e7794-d020-4ef8-82ec-93b77a88c29c/resourceGroups/simpleeshop-cloud-rg/providers/Microsoft.Network/publicIPAddresses/worker-2-pip","subnet_id":"/subscriptions/1c5e7794-d020-4ef8-82ec-93b77a88c29c/resourceGroups/simpleeshop-cloud-rg/providers/Microsoft.Network/virtualNetworks/simpleeshop-vnet/subnets/worker-subnet"}],"location":"westeurope","mac_address":"00-0D-3A-21-58-60","name":"worker-2-nic","private_ip_address":"10.0.2.5","private_ip_addresses":["10.0.2.5"],"resource_group_name":"simpleeshop-cloud-rg","tags":{"Environment":"Development","Project":"SimpleEshop-Cloud","Role":"Worker-2"},"timeouts":null,"virtual_machine_id":"/subscriptions/1c5e7794-d020-4ef8-82ec-93b77a88c29c/resourceGroups/simpleeshop-cloud-rg/providers/Microsoft.Compute/virtualMachines/worker-2-vm"},"sensitive_attributes":[],"private":"eyJlMmJmYjczMC1lY2FhLTExZTYtOGY4OC0zNDM2M2JjN2M0YzAiOnsiY3JlYXRlIjoxODAwMDAwMDAwMDAwLCJkZWxldGUiOjE4MDAwMDAwMDAwMDAsInJlYWQiOjMwMDAwMDAwMDAwMCwidXBkYXRlIjoxODAwMDAwMDAwMDAwfX0=","dependencies":["azurerm_public_ip.worker_pip","azurerm_resource_group.simpleeshop_rg","azurerm_subnet.worker_subnet","azurerm_virtual_network.simpleeshop_vnet"]}]},{"mode":"managed","type":"azurerm_network_interface_security_group_association","name":"control_plane_nsg_association","provider":"provider[\"registry.opentofu.org/hashicorp/azurerm\"]","instances":[{"schema_version":0,"attributes":{"id":"/subscriptions/1c5e7794-d020-4ef8-82ec-93b77a88c29c/resourceGroups/simpleeshop-cloud-rg/providers/Microsoft.Network/networkInterfaces/control-plane-nic|/subscriptions/1c5e7794-d020-4ef8-82ec-93b77a88c29c/resourceGroups/simpleeshop-cloud-rg/providers/Microsoft.Network/networkSecurityGroups/control-plane-nsg","network_interface_id":"/subscriptions/1c5e7794-d020-4ef8-82ec-93b77a88c29c/resourceGroups/simpleeshop-cloud-rg/providers/Microsoft.Network/networkInterfaces/control-plane-nic","network_security_group_id":"/subscriptions/1c5e7794-d020-4ef8-82ec-93b77a88c29c/resourceGroups/simpleeshop-cloud-rg/providers/Microsoft.Network/networkSecurityGroups/control-plane-nsg","timeouts":null},"sensitive_attributes":[],"private":"eyJlMmJmYjczMC1lY2FhLTExZTYtOGY4OC0zNDM2M2JjN2M0YzAiOnsiY3JlYXRlIjoxODAwMDAwMDAwMDAwLCJkZWxldGUiOjE4MDAwMDAwMDAwMDAsInJlYWQiOjMwMDAwMDAwMDAwMCwidXBkYXRlIjoxODAwMDAwMDAwMDAwfX0=","dependencies":["azurerm_network_interface.control_plane_nic","azurerm_network_security_group.control_plane_nsg","azurerm_public_ip.control_plane_pip","azurerm_resource_group.simpleeshop_rg","azurerm_subnet.control_plane_subnet","azurerm_virtual_network.simpleeshop_vnet"]}]},{"mode":"managed","type":"azurerm_network_interface_security_group_association","name":"worker_nsg_association","provider":"provider[\"registry.opentofu.org/hashicorp/azurerm\"]","instances":[{"index_key":0,"schema_version":0,"attributes":{"id":"/subscriptions/1c5e7794-d020-4ef8-82ec-93b77a88c29c/resourceGroups/simpleeshop-cloud-rg/providers/Microsoft.Network/networkInterfaces/worker-1-nic|/subscriptions/1c5e7794-d020-4ef8-82ec-93b77a88c29c/resourceGroups/simpleeshop-cloud-rg/providers/Microsoft.Network/networkSecurityGroups/worker-nsg","network_interface_id":"/subscriptions/1c5e7794-d020-4ef8-82ec-93b77a88c29c/resourceGroups/simpleeshop-cloud-rg/providers/Microsoft.Network/networkInterfaces/worker-1-nic","network_security_group_id":"/subscriptions/1c5e7794-d020-4ef8-82ec-93b77a88c29c/resourceGroups/simpleeshop-cloud-rg/providers/Microsoft.Network/networkSecurityGroups/worker-nsg","timeouts":null},"sensitive_attributes":[],"private":"eyJlMmJmYjczMC1lY2FhLTExZTYtOGY4OC0zNDM2M2JjN2M0YzAiOnsiY3JlYXRlIjoxODAwMDAwMDAwMDAwLCJkZWxldGUiOjE4MDAwMDAwMDAwMDAsInJlYWQiOjMwMDAwMDAwMDAwMCwidXBkYXRlIjoxODAwMDAwMDAwMDAwfX0=","dependencies":["azurerm_network_interface.worker_nic","azurerm_network_security_group.worker_nsg","azurerm_public_ip.worker_pip","azurerm_resource_group.simpleeshop_rg","azurerm_subnet.worker_subnet","azurerm_virtual_network.simpleeshop_vnet"]},{"index_key":1,"schema_version":0,"attributes":{"id":"/subscriptions/1c5e7794-d020-4ef8-82ec-93b77a88c29c/resourceGroups/simpleeshop-cloud-rg/providers/Microsoft.Network/networkInterfaces/worker-2-nic|/subscriptions/1c5e7794-d020-4ef8-82ec-93b77a88c29c/resourceGroups/simpleeshop-cloud-rg/providers/Microsoft.Network/networkSecurityGroups/worker-nsg","network_interface_id":"/subscriptions/1c5e7794-d020-4ef8-82ec-93b77a88c29c/resourceGroups/simpleeshop-cloud-rg/providers/Microsoft.Network/networkInterfaces/worker-2-nic","network_security_group_id":"/subscriptions/1c5e7794-d020-4ef8-82ec-93b77a88c29c/resourceGroups/simpleeshop-cloud-rg/providers/Microsoft.Network/networkSecurityGroups/worker-nsg","timeouts":null},"sensitive_attributes":[],"private":"eyJlMmJmYjczMC1lY2FhLTExZTYtOGY4OC0zNDM2M2JjN2M0YzAiOnsiY3JlYXRlIjoxODAwMDAwMDAwMDAwLCJkZWxldGUiOjE4MDAwMDAwMDAwMDAsInJlYWQiOjMwMDAwMDAwMDAwMCwidXBkYXRlIjoxODAwMDAwMDAwMDAwfX0=","dependencies":["azurerm_network_interface.worker_nic","azurerm_network_security_group.worker_nsg","azurerm_public_ip.worker_pip","azurerm_resource_group.simpleeshop_rg","azurerm_subnet.worker_subnet","azurerm_virtual_network.simpleeshop_vnet"]}]},{"mode":"managed","type":"azurerm_network_security_group","name":"control_plane_nsg","provider":"provider[\"registry.opentofu.org/hashicorp/azurerm\"]","instances":[{"schema_version":0,"attributes":{"id":"/subscriptions/1c5e7794-d020-4ef8-82ec-93b77a88c29c/resourceGroups/simpleeshop-cloud-rg/providers/Microsoft.Network/networkSecurityGroups/control-plane-nsg","location":"westeurope","name":"control-plane-nsg","resource_group_name":"simpleeshop-cloud-rg","security_rule":[{"access":"Allow","description":"","destination_address_prefix":"*","destination_address_prefixes":[],"destination_application_security_group_ids":[],"destination_port_range":"22","destination_port_ranges":[],"direction":"Inbound","name":"SSH","priority":1001,"protocol":"Tcp","source_address_prefix":"*","source_address_prefixes":[],"source_application_security_group_ids":[],"source_port_range":"*","source_port_ranges":[]},{"access":"Allow","description":"","destination_address_prefix":"*","destination_address_prefixes":[],"destination_application_security_group_ids":[],"destination_port_range":"6443","destination_port_ranges":[],"direction":"Inbound","name":"K8s-API","priority":1002,"protocol":"Tcp","source_address_prefix":"10.0.0.0/16","source_address_prefixes":[],"source_application_security_group_ids":[],"source_port_range":"*","source_port_ranges":[]},{"access":"Allow","description":"","destination_address_prefix":"*","destination_address_prefixes":[],"destination_application_security_group_ids":[],"destination_port_range":"8080","destination_port_ranges":[],"direction":"Inbound","name":"Jenkins","priority":1003,"protocol":"Tcp","source_address_prefix":"*","source_address_prefixes":[],"source_application_security_group_ids":[],"source_port_range":"*","source_port_ranges":[]},{"access":"Allow","description":"","destination_address_prefix":"*","destination_address_prefixes":[],"destination_application_security_group_ids":[],"destination_port_range":"8090","destination_port_ranges":[],"direction":"Inbound","name":"ArgoCD","priority":1004,"protocol":"Tcp","source_address_prefix":"*","source_address_prefixes":[],"source_application_security_group_ids":[],"source_port_range":"*","source_port_ranges":[]}],"tags":{"Environment":"Development","Project":"SimpleEshop-Cloud"},"timeouts":null},"sensitive_attributes":[],"private":"eyJlMmJmYjczMC1lY2FhLTExZTYtOGY4OC0zNDM2M2JjN2M0YzAiOnsiY3JlYXRlIjoxODAwMDAwMDAwMDAwLCJkZWxldGUiOjE4MDAwMDAwMDAwMDAsInJlYWQiOjMwMDAwMDAwMDAwMCwidXBkYXRlIjoxODAwMDAwMDAwMDAwfX0=","dependencies":["azurerm_resource_group.simpleeshop_rg"]}]},{"mode":"managed","type":"azurerm_network_security_group","name":"worker_nsg","provider":"provider[\"registry.opentofu.org/hashicorp/azurerm\"]","instances":[{"schema_version":0,"attributes":{"id":"/subscriptions/1c5e7794-d020-4ef8-82ec-93b77a88c29c/resourceGroups/simpleeshop-cloud-rg/providers/Microsoft.Network/networkSecurityGroups/worker-nsg","location":"westeurope","name":"worker-nsg","resource_group_name":"simpleeshop-cloud-rg","security_rule":[{"access":"Allow","description":"","destination_address_prefix":"*","destination_address_prefixes":[],"destination_application_security_group_ids":[],"destination_port_range":"22","destination_port_ranges":[],"direction":"Inbound","name":"SSH","priority":1001,"protocol":"Tcp","source_address_prefix":"*","source_address_prefixes":[],"source_application_security_group_ids":[],"source_port_range":"*","source_port_ranges":[]},{"access":"Allow","description":"","destination_address_prefix":"*","destination_address_prefixes":[],"destination_application_security_group_ids":[],"destination_port_range":"3000","destination_port_ranges":[],"direction":"Inbound","name":"SimpleEshop","priority":1002,"protocol":"Tcp","source_address_prefix":"*","source_address_prefixes":[],"source_application_security_group_ids":[],"source_port_range":"*","source_port_ranges":[]},{"access":"Allow","description":"","destination_address_prefix":"*","destination_address_prefixes":[],"destination_application_security_group_ids":[],"destination_port_range":"30000-32767","destination_port_ranges":[],"direction":"Inbound","name":"K8s-NodePort","priority":1005,"protocol":"Tcp","source_address_prefix":"*","source_address_prefixes":[],"source_application_security_group_ids":[],"source_port_range":"*","source_port_ranges":[]},{"access":"Allow","description":"","destination_address_prefix":"*","destination_address_prefixes":[],"destination_application_security_group_ids":[],"destination_port_range":"3001","destination_port_ranges":[],"direction":"Inbound","name":"Grafana","priority":1004,"protocol":"Tcp","source_address_prefix":"*","source_address_prefixes":[],"source_application_security_group_ids":[],"source_port_range":"*","source_port_ranges":[]},{"access":"Allow","description":"","destination_address_prefix":"*","destination_address_prefixes":[],"destination_application_security_group_ids":[],"destination_port_range":"9000-9001","destination_port_ranges":[],"direction":"Inbound","name":"MinIO","priority":1003,"protocol":"Tcp","source_address_prefix":"*","source_address_prefixes":[],"source_application_security_group_ids":[],"source_port_range":"*","source_port_ranges":[]}],"tags":{"Environment":"Development","Project":"SimpleEshop-Cloud"},"timeouts":null},"sensitive_attributes":[],"private":"eyJlMmJmYjczMC1lY2FhLTExZTYtOGY4OC0zNDM2M2JjN2M0YzAiOnsiY3JlYXRlIjoxODAwMDAwMDAwMDAwLCJkZWxldGUiOjE4MDAwMDAwMDAwMDAsInJlYWQiOjMwMDAwMDAwMDAwMCwidXBkYXRlIjoxODAwMDAwMDAwMDAwfX0=","dependencies":["azurerm_resource_group.simpleeshop_rg"]}]},{"mode":"managed","type":"azurerm_public_ip","name":"control_plane_pip","provider":"provider[\"registry.opentofu.org/hashicorp/azurerm\"]","instances":[{"schema_version":0,"attributes":{"allocation_method":"Static","ddos_protection_mode":"VirtualNetworkInherited","ddos_protection_plan_id":null,"domain_name_label":null,"edge_zone":"","fqdn":null,"id":"/subscriptions/1c5e7794-d020-4ef8-82ec-93b77a88c29c/resourceGroups/simpleeshop-cloud-rg/providers/Microsoft.Network/publicIPAddresses/control-plane-pip","idle_timeout_in_minutes":4,"ip_address":"172.201.62.186","ip_tags":{},"ip_version":"IPv4","location":"westeurope","name":"control-plane-pip","public_ip_prefix_id":null,"resource_group_name":"simpleeshop-cloud-rg","reverse_fqdn":null,"sku":"Standard","sku_tier":"Regional","tags":{"Environment":"Development","Project":"SimpleEshop-Cloud"},"timeouts":null,"zones":[]},"sensitive_attributes":[],"private":"eyJlMmJmYjczMC1lY2FhLTExZTYtOGY4OC0zNDM2M2JjN2M0YzAiOnsiY3JlYXRlIjoxODAwMDAwMDAwMDAwLCJkZWxldGUiOjE4MDAwMDAwMDAwMDAsInJlYWQiOjMwMDAwMDAwMDAwMCwidXBkYXRlIjoxODAwMDAwMDAwMDAwfX0=","dependencies":["azurerm_resource_group.simpleeshop_rg"]}]},{"mode":"managed","type":"azurerm_public_ip","name":"worker_pip","provider":"provider[\"registry.opentofu.org/hashicorp/azurerm\"]","instances":[{"index_key":0,"schema_version":0,"attributes":{"allocation_method":"Static","ddos_protection_mode":"VirtualNetworkInherited","ddos_protection_plan_id":null,"domain_name_label":null,"edge_zone":"","fqdn":null,"id":"/subscriptions/1c5e7794-d020-4ef8-82ec-93b77a88c29c/resourceGroups/simpleeshop-cloud-rg/providers/Microsoft.Network/publicIPAddresses/worker-1-pip","idle_timeout_in_minutes":4,"ip_address":"98.71.182.41","ip_tags":{},"ip_version":"IPv4","location":"westeurope","name":"worker-1-pip","public_ip_prefix_id":null,"resource_group_name":"simpleeshop-cloud-rg","reverse_fqdn":null,"sku":"Standard","sku_tier":"Regional","tags":{"Environment":"Development","Project":"SimpleEshop-Cloud","Role":"Worker-1"},"timeouts":null,"zones":[]},"sensitive_attributes":[],"private":"eyJlMmJmYjczMC1lY2FhLTExZTYtOGY4OC0zNDM2M2JjN2M0YzAiOnsiY3JlYXRlIjoxODAwMDAwMDAwMDAwLCJkZWxldGUiOjE4MDAwMDAwMDAwMDAsInJlYWQiOjMwMDAwMDAwMDAwMCwidXBkYXRlIjoxODAwMDAwMDAwMDAwfX0=","dependencies":["azurerm_resource_group.simpleeshop_rg"]},{"index_key":1,"schema_version":0,"attributes":{"allocation_method":"Static","ddos_protection_mode":"VirtualNetworkInherited","ddos_protection_plan_id":null,"domain_name_label":null,"edge_zone":"","fqdn":null,"id":"/subscriptions/1c5e7794-d020-4ef8-82ec-93b77a88c29c/resourceGroups/simpleeshop-cloud-rg/providers/Microsoft.Network/publicIPAddresses/worker-2-pip","idle_timeout_in_minutes":4,"ip_address":"172.211.23.29","ip_tags":{},"ip_version":"IPv4","location":"westeurope","name":"worker-2-pip","public_ip_prefix_id":null,"resource_group_name":"simpleeshop-cloud-rg","reverse_fqdn":null,"sku":"Standard","sku_tier":"Regional","tags":{"Environment":"Development","Project":"SimpleEshop-Cloud","Role":"Worker-2"},"timeouts":null,"zones":[]},"sensitive_attributes":[],"private":"eyJlMmJmYjczMC1lY2FhLTExZTYtOGY4OC0zNDM2M2JjN2M0YzAiOnsiY3JlYXRlIjoxODAwMDAwMDAwMDAwLCJkZWxldGUiOjE4MDAwMDAwMDAwMDAsInJlYWQiOjMwMDAwMDAwMDAwMCwidXBkYXRlIjoxODAwMDAwMDAwMDAwfX0=","dependencies":["azurerm_resource_group.simpleeshop_rg"]}]},{"mode":"managed","type":"azurerm_resource_group","name":"simpleeshop_rg","provider":"provider[\"registry.opentofu.org/hashicorp/azurerm\"]","instances":[{"schema_version":0,"attributes":{"id":"/subscriptions/1c5e7794-d020-4ef8-82ec-93b77a88c29c/resourceGroups/simpleeshop-cloud-rg","location":"westeurope","managed_by":"","name":"simpleeshop-cloud-rg","tags":{"Environment":"Development","Project":"SimpleEshop-Cloud","Purpose":"University-Project"},"timeouts":null},"sensitive_attributes":[],"private":"eyJlMmJmYjczMC1lY2FhLTExZTYtOGY4OC0zNDM2M2JjN2M0YzAiOnsiY3JlYXRlIjo1NDAwMDAwMDAwMDAwLCJkZWxldGUiOjU0MDAwMDAwMDAwMDAsInJlYWQiOjMwMDAwMDAwMDAwMCwidXBkYXRlIjo1NDAwMDAwMDAwMDAwfX0="}]},{"mode":"managed","type":"azurerm_subnet","name":"control_plane_subnet","provider":"provider[\"registry.opentofu.org/hashicorp/azurerm\"]","instances":[{"schema_version":0,"attributes":{"address_prefixes":["10.0.1.0/24"],"delegation":[],"enforce_private_link_endpoint_network_policies":false,"enforce_private_link_service_network_policies":false,"id":"/subscriptions/1c5e7794-d020-4ef8-82ec-93b77a88c29c/resourceGroups/simpleeshop-cloud-rg/providers/Microsoft.Network/virtualNetworks/simpleeshop-vnet/subnets/control-plane-subnet","name":"control-plane-subnet","private_endpoint_network_policies_enabled":true,"private_link_service_network_policies_enabled":true,"resource_group_name":"simpleeshop-cloud-rg","service_endpoint_policy_ids":[],"service_endpoints":[],"timeouts":null,"virtual_network_name":"simpleeshop-vnet"},"sensitive_attributes":[],"private":"eyJlMmJmYjczMC1lY2FhLTExZTYtOGY4OC0zNDM2M2JjN2M0YzAiOnsiY3JlYXRlIjoxODAwMDAwMDAwMDAwLCJkZWxldGUiOjE4MDAwMDAwMDAwMDAsInJlYWQiOjMwMDAwMDAwMDAwMCwidXBkYXRlIjoxODAwMDAwMDAwMDAwfX0=","dependencies":["azurerm_resource_group.simpleeshop_rg","azurerm_virtual_network.simpleeshop_vnet"]}]},{"mode":"managed","type":"azurerm_subnet","name":"worker_subnet","provider":"provider[\"registry.opentofu.org/hashicorp/azurerm\"]","instances":[{"schema_version":0,"attributes":{"address_prefixes":["10.0.2.0/24"],"delegation":[],"enforce_private_link_endpoint_network_policies":false,"enforce_private_link_service_network_policies":false,"id":"/subscriptions/1c5e7794-d020-4ef8-82ec-93b77a88c29c/resourceGroups/simpleeshop-cloud-rg/providers/Microsoft.Network/virtualNetworks/simpleeshop-vnet/subnets/worker-subnet","name":"worker-subnet","private_endpoint_network_policies_enabled":true,"private_link_service_network_policies_enabled":true,"resource_group_name":"simpleeshop-cloud-rg","service_endpoint_policy_ids":[],"service_endpoints":[],"timeouts":null,"virtual_network_name":"simpleeshop-vnet"},"sensitive_attributes":[],"private":"eyJlMmJmYjczMC1lY2FhLTExZTYtOGY4OC0zNDM2M2JjN2M0YzAiOnsiY3JlYXRlIjoxODAwMDAwMDAwMDAwLCJkZWxldGUiOjE4MDAwMDAwMDAwMDAsInJlYWQiOjMwMDAwMDAwMDAwMCwidXBkYXRlIjoxODAwMDAwMDAwMDAwfX0=","dependencies":["azurerm_resource_group.simpleeshop_rg","azurerm_virtual_network.simpleeshop_vnet"]}]},{"mode":"managed","type":"azurerm_virtual_network","name":"simpleeshop_vnet","provider":"provider[\"registry.opentofu.org/hashicorp/azurerm\"]","instances":[{"schema_version":0,"attributes":{"address_space":["10.0.0.0/16"],"bgp_community":"","ddos_protection_plan":[],"dns_servers":[],"edge_zone":"","encryption":[],"flow_timeout_in_minutes":0,"guid":"1484eff8-4e3a-4e6f-b8ed-789b28f6f169","id":"/subscriptions/1c5e7794-d020-4ef8-82ec-93b77a88c29c/resourceGroups/simpleeshop-cloud-rg/providers/Microsoft.Network/virtualNetworks/simpleeshop-vnet","location":"westeurope","name":"simpleeshop-vnet","resource_group_name":"simpleeshop-cloud-rg","subnet":[{"address_prefix":"10.0.1.0/24","id":"/subscriptions/1c5e7794-d020-4ef8-82ec-93b77a88c29c/resourceGroups/simpleeshop-cloud-rg/providers/Microsoft.Network/virtualNetworks/simpleeshop-vnet/subnets/control-plane-subnet","name":"control-plane-subnet","security_group":""},{"address_prefix":"10.0.2.0/24","id":"/subscriptions/1c5e7794-d020-4ef8-82ec-93b77a88c29c/resourceGroups/simpleeshop-cloud-rg/providers/Microsoft.Network/virtualNetworks/simpleeshop-vnet/subnets/worker-subnet","name":"worker-subnet","security_group":""}],"tags":{"Environment":"Development","Project":"SimpleEshop-Cloud"},"timeouts":null},"sensitive_attributes":[],"private":"eyJlMmJmYjczMC1lY2FhLTExZTYtOGY4OC0zNDM2M2JjN2M0YzAiOnsiY3JlYXRlIjoxODAwMDAwMDAwMDAwLCJkZWxldGUiOjE4MDAwMDAwMDAwMDAsInJlYWQiOjMwMDAwMDAwMDAwMCwidXBkYXRlIjoxODAwMDAwMDAwMDAwfX0=","dependencies":["azurerm_resource_group.simpleeshop_rg"]}]},{"mode":"managed","type":"local_file","name":"ssh_config","provider":"provider[\"registry.opentofu.org/hashicorp/local\"]","instances":[{"schema_version":0,"attributes":{"content":"Host simpleeshop-control-plane\n  HostName 172.201.62.186\n  User azureuser\n  IdentityFile ~/.ssh/azure_rsa\n  Port 22\n  StrictHostKeyChecking no\n  UserKnownHostsFile=/dev/null\n\nHost simpleeshop-worker-1\n  HostName 98.71.182.41\n  User azureuser\n  IdentityFile ~/.ssh/azure_rsa\n  Port 22\n  StrictHostKeyChecking no\n  UserKnownHostsFile=/dev/null\n\nHost simpleeshop-worker-2\n  HostName 172.211.23.29\n  User azureuser\n  IdentityFile ~/.ssh/azure_rsa\n  Port 22\n  StrictHostKeyChecking no\n  UserKnownHostsFile=/dev/null\n\n","content_base64":null,"content_base64sha256":"bkhK0AGNmx9YfTrLVQBsNhEzGnR87P39mKT9a8UeARk=","content_base64sha512":"b5OCpSFYgnsp4R8th2zIHr+RKyjf3CKlo+1k8bZm7LhnFZtnBg8M6Ksm2EiRGBCDNmnLgsW2DJa/55rkhTkO7g==","content_md5":"cceb52045baaa36341e3bb48cd2a3f91","content_sha1":"709e7c8d4ec21a79369ffdd5d9cc6e79d03154d0","content_sha256":"6e484ad0018d9b1f587d3acb55006c3611331a747cecfdfd98a4fd6bc51e0119","content_sha512":"6f9382a52158827b29e11f2d876cc81ebf912b28dfdc22a5a3ed64f1b666ecb867159b67060f0ce8ab26d848911810833669cb82c5b60c96bfe79ae485390eee","directory_permission":"0777","file_permission":"0777","filename":"/tmp/simpleeshop_ssh_config","id":"709e7c8d4ec21a79369ffdd5d9cc6e79d03154d0","sensitive_content":null,"source":null},"sensitive_attributes":[[{"type":"get_attr","value":"sensitive_content"}]],"dependencies":["azurerm_public_ip.control_plane_pip","azurerm_public_ip.worker_pip","azurerm_resource_group.simpleeshop_rg"]}]},{"mode":"managed","type":"null_resource","name":"update_ssh_config","provider":"provider[\"registry.opentofu.org/hashicorp/null\"]","instances":[{"schema_version":0,"attributes":{"id":"1290853109323773236","triggers":null},"sensitive_attributes":[],"dependencies":["azurerm_public_ip.control_plane_pip","azurerm_public_ip.worker_pip","azurerm_resource_group.simpleeshop_rg","local_file.ssh_config"]}]}],"check_results":[{"object_kind":"var","config_addr":"var.worker_count","status":"pass","objects":[{"object_addr":"var.worker_count","status":"pass"}]}]}
