{"version":4,"terraform_version":"1.9.1","serial":156,"lineage":"593e91ea-465f-aa45-8852-8d9937652575","outputs":{"all_ssh_commands":{"value":{"control_plane":"ssh -i ~/.ssh/azure_rsa azureuser@4.210.149.226","workers":["ssh -i ~/.ssh/azure_rsa azureuser@104.47.147.204"]},"type":["object",{"control_plane":"string","workers":["tuple",["string"]]}]},"ansible_inventory_ips":{"value":{"control_plane":"4.210.149.226","workers":["104.47.147.204"]},"type":["object",{"control_plane":"string","workers":["tuple",["string"]]}]},"application_urls":{"value":{"argocd":"http://4.210.149.226:30090","grafana":"http://4.210.149.226:30030","jenkins":"http://4.210.149.226:30080","minio":"http://104.47.147.204:30900","simpleeshop":"http://104.47.147.204:30000"},"type":["object",{"argocd":"string","grafana":"string","jenkins":"string","minio":"string","simpleeshop":"string"}]},"control_plane_public_ip":{"value":"4.210.149.226","type":"string"},"control_plane_ssh_command":{"value":"ssh -i ~/.ssh/azure_rsa azureuser@4.210.149.226","type":"string"},"kubernetes_cluster_info":{"value":{"control_plane":"4.210.149.226","region":"West Europe","total_workers":1,"workers":["104.47.147.204"]},"type":["object",{"control_plane":"string","region":"string","total_workers":"number","workers":["tuple",["string"]]}]},"network_info":{"value":{"vnet":{"address_space":"10.0.0.0/16","location":"westeurope","name":"simpleeshop-vnet"}},"type":["object",{"vnet":["object",{"address_space":"string","location":"string","name":"string"}]}]},"resource_group_name":{"value":"simpleeshop-cloud-rg","type":"string"},"worker_public_ips":{"value":["104.47.147.204"],"type":["tuple",["string"]]},"worker_ssh_commands":{"value":["ssh -i ~/.ssh/azure_rsa azureuser@104.47.147.204  # Worker 1"],"type":["tuple",["string"]]}},"resources":[{"mode":"managed","type":"azurerm_dev_test_global_vm_shutdown_schedule","name":"control_plane_shutdown","provider":"provider[\"registry.opentofu.org/hashicorp/azurerm\"]","instances":[{"schema_version":0,"attributes":{"daily_recurrence_time":"0200","enabled":true,"id":"/subscriptions/1c5e7794-d020-4ef8-82ec-93b77a88c29c/resourceGroups/simpleeshop-cloud-rg/providers/Microsoft.DevTestLab/schedules/shutdown-computevm-control-plane-vm","location":"westeurope","notification_settings":[{"email":"charitosdim93@gmail.com","enabled":true,"time_in_minutes":30,"webhook_url":""}],"tags":{"Environment":"Development","Project":"SimpleEshop-Cloud"},"timeouts":null,"timezone":"E. Europe Standard Time","virtual_machine_id":"/subscriptions/1c5e7794-d020-4ef8-82ec-93b77a88c29c/resourceGroups/simpleeshop-cloud-rg/providers/Microsoft.Compute/virtualMachines/control-plane-vm"},"sensitive_attributes":[],"private":"eyJlMmJmYjczMC1lY2FhLTExZTYtOGY4OC0zNDM2M2JjN2M0YzAiOnsiY3JlYXRlIjoxODAwMDAwMDAwMDAwLCJkZWxldGUiOjE4MDAwMDAwMDAwMDAsInJlYWQiOjMwMDAwMDAwMDAwMCwidXBkYXRlIjoxODAwMDAwMDAwMDAwfX0=","dependencies":["azurerm_linux_virtual_machine.control_plane_vm","azurerm_network_interface.control_plane_nic","azurerm_public_ip.control_plane_pip","azurerm_resource_group.simpleeshop_rg","azurerm_subnet.control_plane_subnet","azurerm_virtual_network.simpleeshop_vnet"]}]},{"mode":"managed","type":"azurerm_dev_test_global_vm_shutdown_schedule","name":"worker_shutdown","provider":"provider[\"registry.opentofu.org/hashicorp/azurerm\"]","instances":[{"index_key":0,"schema_version":0,"attributes":{"daily_recurrence_time":"0200","enabled":true,"id":"/subscriptions/1c5e7794-d020-4ef8-82ec-93b77a88c29c/resourceGroups/simpleeshop-cloud-rg/providers/Microsoft.DevTestLab/schedules/shutdown-computevm-worker-1-vm","location":"westeurope","notification_settings":[{"email":"charitosdim93@gmail.com","enabled":true,"time_in_minutes":30,"webhook_url":""}],"tags":{"Environment":"Development","Project":"SimpleEshop-Cloud"},"timeouts":null,"timezone":"E. Europe Standard Time","virtual_machine_id":"/subscriptions/1c5e7794-d020-4ef8-82ec-93b77a88c29c/resourceGroups/simpleeshop-cloud-rg/providers/Microsoft.Compute/virtualMachines/worker-1-vm"},"sensitive_attributes":[],"private":"eyJlMmJmYjczMC1lY2FhLTExZTYtOGY4OC0zNDM2M2JjN2M0YzAiOnsiY3JlYXRlIjoxODAwMDAwMDAwMDAwLCJkZWxldGUiOjE4MDAwMDAwMDAwMDAsInJlYWQiOjMwMDAwMDAwMDAwMCwidXBkYXRlIjoxODAwMDAwMDAwMDAwfX0=","dependencies":["azurerm_linux_virtual_machine.worker_vm","azurerm_network_interface.worker_nic","azurerm_public_ip.worker_pip","azurerm_resource_group.simpleeshop_rg","azurerm_subnet.worker_subnet","azurerm_virtual_network.simpleeshop_vnet"]}]},{"mode":"managed","type":"azurerm_linux_virtual_machine","name":"control_plane_vm","provider":"provider[\"registry.opentofu.org/hashicorp/azurerm\"]","instances":[{"schema_version":0,"attributes":{"additional_capabilities":[],"admin_password":null,"admin_ssh_key":[{"public_key":"ssh-rsa AAAAB3NzaC1yc2EAAAADAQABAAACAQDFlA4HUeAnwyFLZTonH31Q7ENXbUL3581OO+q5E9X9IUV1WnViC7kZ+dFIE2d0Hrs2jKYF1o3d+j5bUpKbsxDLgSlI2ziwrtcMA5hYkedr+j8K1ZPV3TsP0njEKu28EIRNcwo9DIl0M0iclGsK6cckLrBfDShBXzM+cjKWBBek6Pr/SecUIrZmiNTHMm5+amyjNuQVK5LnvqXkYNCAjTJ8xkCoQcni+Fa3ns+P/LpqC0kRxLz6ga4tJBVp6nXbsIBWT889sSv0OtTu8n/KmVh8/udMdDtwblpqTmE9h/mutsE4g0vR+n1TDrSIC0p7OPWYRlb4suZk4aAGaB4oZ+qCCATEB55TmawiPvYC/eGaWrtWbJzZdhfYkom0Bv0fNVSpYzCsbGAYukPh/ZP4cDqQUmfmoJTefXO/gBkYfGwWxJMEQAwhc/i31iA3boM5lS6Q6RbTimW7iV/EXIqH21K2pncbb6+wISorHCD9CAdq9HrBKA0HgBiamhLp48iy0OZ/Jt/PIDQdCpvOkscU7Q75DcvW8LHqYdrkrxnvv6RFG21Uvx8K5zlPbesIjLBpBGMxC5VhZ0WacqpZ6pB2JB64Sp4NZiXKZaWO0MBDzP+Z43pVwkFXVEzjtmS0OszWfAGFHjmoGolIy4RUIFyq4l1sGYmT24yBajllPD+kW7lD4Q== azure-simpleeshop","username":"azureuser"}],"admin_username":"azureuser","allow_extension_operations":true,"availability_set_id":"","boot_diagnostics":[],"bypass_platform_safety_checks_on_user_schedule_enabled":false,"capacity_reservation_group_id":"","computer_name":"control-plane-vm","custom_data":null,"dedicated_host_group_id":"","dedicated_host_id":"","disable_password_authentication":true,"edge_zone":"","encryption_at_host_enabled":false,"eviction_policy":"","extensions_time_budget":"PT1H30M","gallery_application":[],"id":"/subscriptions/1c5e7794-d020-4ef8-82ec-93b77a88c29c/resourceGroups/simpleeshop-cloud-rg/providers/Microsoft.Compute/virtualMachines/control-plane-vm","identity":[],"license_type":"","location":"westeurope","max_bid_price":-1,"name":"control-plane-vm","network_interface_ids":["/subscriptions/1c5e7794-d020-4ef8-82ec-93b77a88c29c/resourceGroups/simpleeshop-cloud-rg/providers/Microsoft.Network/networkInterfaces/control-plane-nic"],"os_disk":[{"caching":"ReadWrite","diff_disk_settings":[],"disk_encryption_set_id":"","disk_size_gb":30,"name":"control-plane-os-disk","secure_vm_disk_encryption_set_id":"","security_encryption_type":"","storage_account_type":"Premium_LRS","write_accelerator_enabled":false}],"patch_assessment_mode":"ImageDefault","patch_mode":"ImageDefault","plan":[],"platform_fault_domain":-1,"priority":"Regular","private_ip_address":"10.0.1.4","private_ip_addresses":["10.0.1.4"],"provision_vm_agent":true,"proximity_placement_group_id":"","public_ip_address":"4.210.149.226","public_ip_addresses":["4.210.149.226"],"reboot_setting":"","resource_group_name":"simpleeshop-cloud-rg","secret":[],"secure_boot_enabled":false,"size":"Standard_B2s","source_image_id":"","source_image_reference":[{"offer":"ubuntu-24_04-lts","publisher":"Canonical","sku":"server","version":"latest"}],"tags":{"Environment":"Development","Project":"SimpleEshop-Cloud","Role":"Control-Plane"},"termination_notification":[],"timeouts":null,"user_data":"","virtual_machine_id":"e4863148-e07c-4780-917e-b74599cb154d","virtual_machine_scale_set_id":"","vtpm_enabled":false,"zone":""},"sensitive_attributes":[[{"type":"get_attr","value":"admin_password"}],[{"type":"get_attr","value":"custom_data"}]],"private":"eyJlMmJmYjczMC1lY2FhLTExZTYtOGY4OC0zNDM2M2JjN2M0YzAiOnsiY3JlYXRlIjoyNzAwMDAwMDAwMDAwLCJkZWxldGUiOjI3MDAwMDAwMDAwMDAsInJlYWQiOjMwMDAwMDAwMDAwMCwidXBkYXRlIjoyNzAwMDAwMDAwMDAwfX0=","dependencies":["azurerm_network_interface.control_plane_nic","azurerm_public_ip.control_plane_pip","azurerm_resource_group.simpleeshop_rg","azurerm_subnet.control_plane_subnet","azurerm_virtual_network.simpleeshop_vnet"]}]},{"mode":"managed","type":"azurerm_linux_virtual_machine","name":"worker_vm","provider":"provider[\"registry.opentofu.org/hashicorp/azurerm\"]","instances":[{"index_key":0,"schema_version":0,"attributes":{"additional_capabilities":[],"admin_password":null,"admin_ssh_key":[{"public_key":"ssh-rsa AAAAB3NzaC1yc2EAAAADAQABAAACAQDFlA4HUeAnwyFLZTonH31Q7ENXbUL3581OO+q5E9X9IUV1WnViC7kZ+dFIE2d0Hrs2jKYF1o3d+j5bUpKbsxDLgSlI2ziwrtcMA5hYkedr+j8K1ZPV3TsP0njEKu28EIRNcwo9DIl0M0iclGsK6cckLrBfDShBXzM+cjKWBBek6Pr/SecUIrZmiNTHMm5+amyjNuQVK5LnvqXkYNCAjTJ8xkCoQcni+Fa3ns+P/LpqC0kRxLz6ga4tJBVp6nXbsIBWT889sSv0OtTu8n/KmVh8/udMdDtwblpqTmE9h/mutsE4g0vR+n1TDrSIC0p7OPWYRlb4suZk4aAGaB4oZ+qCCATEB55TmawiPvYC/eGaWrtWbJzZdhfYkom0Bv0fNVSpYzCsbGAYukPh/ZP4cDqQUmfmoJTefXO/gBkYfGwWxJMEQAwhc/i31iA3boM5lS6Q6RbTimW7iV/EXIqH21K2pncbb6+wISorHCD9CAdq9HrBKA0HgBiamhLp48iy0OZ/Jt/PIDQdCpvOkscU7Q75DcvW8LHqYdrkrxnvv6RFG21Uvx8K5zlPbesIjLBpBGMxC5VhZ0WacqpZ6pB2JB64Sp4NZiXKZaWO0MBDzP+Z43pVwkFXVEzjtmS0OszWfAGFHjmoGolIy4RUIFyq4l1sGYmT24yBajllPD+kW7lD4Q== azure-simpleeshop","username":"azureuser"}],"admin_username":"azureuser","allow_extension_operations":true,"availability_set_id":"","boot_diagnostics":[],"bypass_platform_safety_checks_on_user_schedule_enabled":false,"capacity_reservation_group_id":"","computer_name":"worker-1-vm","custom_data":null,"dedicated_host_group_id":"","dedicated_host_id":"","disable_password_authentication":true,"edge_zone":"","encryption_at_host_enabled":false,"eviction_policy":"","extensions_time_budget":"PT1H30M","gallery_application":[],"id":"/subscriptions/1c5e7794-d020-4ef8-82ec-93b77a88c29c/resourceGroups/simpleeshop-cloud-rg/providers/Microsoft.Compute/virtualMachines/worker-1-vm","identity":[],"license_type":"","location":"westeurope","max_bid_price":-1,"name":"worker-1-vm","network_interface_ids":["/subscriptions/1c5e7794-d020-4ef8-82ec-93b77a88c29c/resourceGroups/simpleeshop-cloud-rg/providers/Microsoft.Network/networkInterfaces/worker-1-nic"],"os_disk":[{"caching":"ReadWrite","diff_disk_settings":[],"disk_encryption_set_id":"","disk_size_gb":30,"name":"worker-1-os-disk","secure_vm_disk_encryption_set_id":"","security_encryption_type":"","storage_account_type":"Standard_LRS","write_accelerator_enabled":false}],"patch_assessment_mode":"ImageDefault","patch_mode":"ImageDefault","plan":[],"platform_fault_domain":-1,"priority":"Regular","private_ip_address":"10.0.2.4","private_ip_addresses":["10.0.2.4"],"provision_vm_agent":true,"proximity_placement_group_id":"","public_ip_address":"104.47.147.204","public_ip_addresses":["104.47.147.204"],"reboot_setting":"","resource_group_name":"simpleeshop-cloud-rg","secret":[],"secure_boot_enabled":false,"size":"Standard_B2s","source_image_id":"","source_image_reference":[{"offer":"ubuntu-24_04-lts","publisher":"Canonical","sku":"server","version":"latest"}],"tags":{"Environment":"Development","Project":"SimpleEshop-Cloud","Role":"Worker-1"},"termination_notification":[],"timeouts":null,"user_data":"","virtual_machine_id":"cecc2ab4-8b4f-4f6a-8ea9-388e130c7bb3","virtual_machine_scale_set_id":"","vtpm_enabled":false,"zone":""},"sensitive_attributes":[[{"type":"get_attr","value":"custom_data"}],[{"type":"get_attr","value":"admin_password"}]],"private":"eyJlMmJmYjczMC1lY2FhLTExZTYtOGY4OC0zNDM2M2JjN2M0YzAiOnsiY3JlYXRlIjoyNzAwMDAwMDAwMDAwLCJkZWxldGUiOjI3MDAwMDAwMDAwMDAsInJlYWQiOjMwMDAwMDAwMDAwMCwidXBkYXRlIjoyNzAwMDAwMDAwMDAwfX0=","dependencies":["azurerm_network_interface.worker_nic","azurerm_public_ip.worker_pip","azurerm_resource_group.simpleeshop_rg","azurerm_subnet.worker_subnet","azurerm_virtual_network.simpleeshop_vnet"]}]},{"mode":"managed","type":"azurerm_network_interface","name":"control_plane_nic","provider":"provider[\"registry.opentofu.org/hashicorp/azurerm\"]","instances":[{"schema_version":0,"attributes":{"applied_dns_servers":[],"auxiliary_mode":"","auxiliary_sku":"","dns_servers":[],"edge_zone":"","enable_accelerated_networking":false,"enable_ip_forwarding":false,"id":"/subscriptions/1c5e7794-d020-4ef8-82ec-93b77a88c29c/resourceGroups/simpleeshop-cloud-rg/providers/Microsoft.Network/networkInterfaces/control-plane-nic","internal_dns_name_label":"","internal_domain_name_suffix":"13ihezrbjusedpqbgcai4kb5hc.ax.internal.cloudapp.net","ip_configuration":[{"gateway_load_balancer_frontend_ip_configuration_id":"","name":"internal","primary":true,"private_ip_address":"10.0.1.4","private_ip_address_allocation":"Dynamic","private_ip_address_version":"IPv4","public_ip_address_id":"/subscriptions/1c5e7794-d020-4ef8-82ec-93b77a88c29c/resourceGroups/simpleeshop-cloud-rg/providers/Microsoft.Network/publicIPAddresses/control-plane-pip","subnet_id":"/subscriptions/1c5e7794-d020-4ef8-82ec-93b77a88c29c/resourceGroups/simpleeshop-cloud-rg/providers/Microsoft.Network/virtualNetworks/simpleeshop-vnet/subnets/control-plane-subnet"}],"location":"westeurope","mac_address":"60-45-BD-8B-E5-96","name":"control-plane-nic","private_ip_address":"10.0.1.4","private_ip_addresses":["10.0.1.4"],"resource_group_name":"simpleeshop-cloud-rg","tags":{"Environment":"Development","Project":"SimpleEshop-Cloud"},"timeouts":null,"virtual_machine_id":"/subscriptions/1c5e7794-d020-4ef8-82ec-93b77a88c29c/resourceGroups/simpleeshop-cloud-rg/providers/Microsoft.Compute/virtualMachines/control-plane-vm"},"sensitive_attributes":[],"private":"eyJlMmJmYjczMC1lY2FhLTExZTYtOGY4OC0zNDM2M2JjN2M0YzAiOnsiY3JlYXRlIjoxODAwMDAwMDAwMDAwLCJkZWxldGUiOjE4MDAwMDAwMDAwMDAsInJlYWQiOjMwMDAwMDAwMDAwMCwidXBkYXRlIjoxODAwMDAwMDAwMDAwfX0=","dependencies":["azurerm_public_ip.control_plane_pip","azurerm_resource_group.simpleeshop_rg","azurerm_subnet.control_plane_subnet","azurerm_virtual_network.simpleeshop_vnet"]}]},{"mode":"managed","type":"azurerm_network_interface","name":"worker_nic","provider":"provider[\"registry.opentofu.org/hashicorp/azurerm\"]","instances":[{"index_key":0,"schema_version":0,"attributes":{"applied_dns_servers":[],"auxiliary_mode":"","auxiliary_sku":"","dns_servers":[],"edge_zone":"","enable_accelerated_networking":false,"enable_ip_forwarding":false,"id":"/subscriptions/1c5e7794-d020-4ef8-82ec-93b77a88c29c/resourceGroups/simpleeshop-cloud-rg/providers/Microsoft.Network/networkInterfaces/worker-1-nic","internal_dns_name_label":"","internal_domain_name_suffix":"13ihezrbjusedpqbgcai4kb5hc.ax.internal.cloudapp.net","ip_configuration":[{"gateway_load_balancer_frontend_ip_configuration_id":"","name":"internal","primary":true,"private_ip_address":"10.0.2.4","private_ip_address_allocation":"Dynamic","private_ip_address_version":"IPv4","public_ip_address_id":"/subscriptions/1c5e7794-d020-4ef8-82ec-93b77a88c29c/resourceGroups/simpleeshop-cloud-rg/providers/Microsoft.Network/publicIPAddresses/worker-1-pip","subnet_id":"/subscriptions/1c5e7794-d020-4ef8-82ec-93b77a88c29c/resourceGroups/simpleeshop-cloud-rg/providers/Microsoft.Network/virtualNetworks/simpleeshop-vnet/subnets/worker-subnet"}],"location":"westeurope","mac_address":"7C-ED-8D-0A-50-15","name":"worker-1-nic","private_ip_address":"10.0.2.4","private_ip_addresses":["10.0.2.4"],"resource_group_name":"simpleeshop-cloud-rg","tags":{"Environment":"Development","Project":"SimpleEshop-Cloud","Role":"Worker-1"},"timeouts":null,"virtual_machine_id":"/subscriptions/1c5e7794-d020-4ef8-82ec-93b77a88c29c/resourceGroups/simpleeshop-cloud-rg/providers/Microsoft.Compute/virtualMachines/worker-1-vm"},"sensitive_attributes":[],"private":"eyJlMmJmYjczMC1lY2FhLTExZTYtOGY4OC0zNDM2M2JjN2M0YzAiOnsiY3JlYXRlIjoxODAwMDAwMDAwMDAwLCJkZWxldGUiOjE4MDAwMDAwMDAwMDAsInJlYWQiOjMwMDAwMDAwMDAwMCwidXBkYXRlIjoxODAwMDAwMDAwMDAwfX0=","dependencies":["azurerm_public_ip.worker_pip","azurerm_resource_group.simpleeshop_rg","azurerm_subnet.worker_subnet","azurerm_virtual_network.simpleeshop_vnet"]}]},{"mode":"managed","type":"azurerm_network_interface_security_group_association","name":"control_plane_nsg_association","provider":"provider[\"registry.opentofu.org/hashicorp/azurerm\"]","instances":[{"schema_version":0,"attributes":{"id":"/subscriptions/1c5e7794-d020-4ef8-82ec-93b77a88c29c/resourceGroups/simpleeshop-cloud-rg/providers/Microsoft.Network/networkInterfaces/control-plane-nic|/subscriptions/1c5e7794-d020-4ef8-82ec-93b77a88c29c/resourceGroups/simpleeshop-cloud-rg/providers/Microsoft.Network/networkSecurityGroups/control-plane-nsg","network_interface_id":"/subscriptions/1c5e7794-d020-4ef8-82ec-93b77a88c29c/resourceGroups/simpleeshop-cloud-rg/providers/Microsoft.Network/networkInterfaces/control-plane-nic","network_security_group_id":"/subscriptions/1c5e7794-d020-4ef8-82ec-93b77a88c29c/resourceGroups/simpleeshop-cloud-rg/providers/Microsoft.Network/networkSecurityGroups/control-plane-nsg","timeouts":null},"sensitive_attributes":[],"private":"eyJlMmJmYjczMC1lY2FhLTExZTYtOGY4OC0zNDM2M2JjN2M0YzAiOnsiY3JlYXRlIjoxODAwMDAwMDAwMDAwLCJkZWxldGUiOjE4MDAwMDAwMDAwMDAsInJlYWQiOjMwMDAwMDAwMDAwMCwidXBkYXRlIjoxODAwMDAwMDAwMDAwfX0=","dependencies":["azurerm_network_interface.control_plane_nic","azurerm_network_security_group.control_plane_nsg","azurerm_public_ip.control_plane_pip","azurerm_resource_group.simpleeshop_rg","azurerm_subnet.control_plane_subnet","azurerm_virtual_network.simpleeshop_vnet"]}]},{"mode":"managed","type":"azurerm_network_interface_security_group_association","name":"worker_nsg_association","provider":"provider[\"registry.opentofu.org/hashicorp/azurerm\"]","instances":[{"index_key":0,"schema_version":0,"attributes":{"id":"/subscriptions/1c5e7794-d020-4ef8-82ec-93b77a88c29c/resourceGroups/simpleeshop-cloud-rg/providers/Microsoft.Network/networkInterfaces/worker-1-nic|/subscriptions/1c5e7794-d020-4ef8-82ec-93b77a88c29c/resourceGroups/simpleeshop-cloud-rg/providers/Microsoft.Network/networkSecurityGroups/worker-nsg","network_interface_id":"/subscriptions/1c5e7794-d020-4ef8-82ec-93b77a88c29c/resourceGroups/simpleeshop-cloud-rg/providers/Microsoft.Network/networkInterfaces/worker-1-nic","network_security_group_id":"/subscriptions/1c5e7794-d020-4ef8-82ec-93b77a88c29c/resourceGroups/simpleeshop-cloud-rg/providers/Microsoft.Network/networkSecurityGroups/worker-nsg","timeouts":null},"sensitive_attributes":[],"private":"eyJlMmJmYjczMC1lY2FhLTExZTYtOGY4OC0zNDM2M2JjN2M0YzAiOnsiY3JlYXRlIjoxODAwMDAwMDAwMDAwLCJkZWxldGUiOjE4MDAwMDAwMDAwMDAsInJlYWQiOjMwMDAwMDAwMDAwMCwidXBkYXRlIjoxODAwMDAwMDAwMDAwfX0=","dependencies":["azurerm_network_interface.worker_nic","azurerm_network_security_group.worker_nsg","azurerm_public_ip.worker_pip","azurerm_resource_group.simpleeshop_rg","azurerm_subnet.worker_subnet","azurerm_virtual_network.simpleeshop_vnet"]}]},{"mode":"managed","type":"azurerm_network_security_group","name":"control_plane_nsg","provider":"provider[\"registry.opentofu.org/hashicorp/azurerm\"]","instances":[{"schema_version":0,"attributes":{"id":"/subscriptions/1c5e7794-d020-4ef8-82ec-93b77a88c29c/resourceGroups/simpleeshop-cloud-rg/providers/Microsoft.Network/networkSecurityGroups/control-plane-nsg","location":"westeurope","name":"control-plane-nsg","resource_group_name":"simpleeshop-cloud-rg","security_rule":[{"access":"Allow","description":"","destination_address_prefix":"*","destination_address_prefixes":[],"destination_application_security_group_ids":[],"destination_port_range":"16443","destination_port_ranges":[],"direction":"Inbound","name":"MicroK8s-API-External","priority":1005,"protocol":"Tcp","source_address_prefix":"*","source_address_prefixes":[],"source_application_security_group_ids":[],"source_port_range":"*","source_port_ranges":[]},{"access":"Allow","description":"","destination_address_prefix":"*","destination_address_prefixes":[],"destination_application_security_group_ids":[],"destination_port_range":"22","destination_port_ranges":[],"direction":"Inbound","name":"SSH","priority":1001,"protocol":"Tcp","source_address_prefix":"*","source_address_prefixes":[],"source_application_security_group_ids":[],"source_port_range":"*","source_port_ranges":[]},{"access":"Allow","description":"","destination_address_prefix":"*","destination_address_prefixes":[],"destination_application_security_group_ids":[],"destination_port_range":"30000-32767","destination_port_ranges":[],"direction":"Inbound","name":"K8s-NodePort","priority":1007,"protocol":"Tcp","source_address_prefix":"*","source_address_prefixes":[],"source_application_security_group_ids":[],"source_port_range":"*","source_port_ranges":[]},{"access":"Allow","description":"","destination_address_prefix":"*","destination_address_prefixes":[],"destination_application_security_group_ids":[],"destination_port_range":"30901","destination_port_ranges":[],"direction":"Inbound","name":"MinIO-Console","priority":1008,"protocol":"Tcp","source_address_prefix":"*","source_address_prefixes":[],"source_application_security_group_ids":[],"source_port_range":"*","source_port_ranges":[]},{"access":"Allow","description":"","destination_address_prefix":"*","destination_address_prefixes":[],"destination_application_security_group_ids":[],"destination_port_range":"6443","destination_port_ranges":[],"direction":"Inbound","name":"K8s-API","priority":1002,"protocol":"Tcp","source_address_prefix":"10.0.0.0/16","source_address_prefixes":[],"source_application_security_group_ids":[],"source_port_range":"*","source_port_ranges":[]},{"access":"Allow","description":"","destination_address_prefix":"*","destination_address_prefixes":[],"destination_application_security_group_ids":[],"destination_port_range":"6443","destination_port_ranges":[],"direction":"Inbound","name":"K8s-API-External","priority":1006,"protocol":"Tcp","source_address_prefix":"*","source_address_prefixes":[],"source_application_security_group_ids":[],"source_port_range":"*","source_port_ranges":[]},{"access":"Allow","description":"","destination_address_prefix":"*","destination_address_prefixes":[],"destination_application_security_group_ids":[],"destination_port_range":"8080","destination_port_ranges":[],"direction":"Inbound","name":"Jenkins","priority":1003,"protocol":"Tcp","source_address_prefix":"*","source_address_prefixes":[],"source_application_security_group_ids":[],"source_port_range":"*","source_port_ranges":[]},{"access":"Allow","description":"","destination_address_prefix":"*","destination_address_prefixes":[],"destination_application_security_group_ids":[],"destination_port_range":"8090","destination_port_ranges":[],"direction":"Inbound","name":"ArgoCD","priority":1004,"protocol":"Tcp","source_address_prefix":"*","source_address_prefixes":[],"source_application_security_group_ids":[],"source_port_range":"*","source_port_ranges":[]}],"tags":{"Environment":"Development","Project":"SimpleEshop-Cloud"},"timeouts":null},"sensitive_attributes":[],"private":"eyJlMmJmYjczMC1lY2FhLTExZTYtOGY4OC0zNDM2M2JjN2M0YzAiOnsiY3JlYXRlIjoxODAwMDAwMDAwMDAwLCJkZWxldGUiOjE4MDAwMDAwMDAwMDAsInJlYWQiOjMwMDAwMDAwMDAwMCwidXBkYXRlIjoxODAwMDAwMDAwMDAwfX0=","dependencies":["azurerm_resource_group.simpleeshop_rg"]}]},{"mode":"managed","type":"azurerm_network_security_group","name":"worker_nsg","provider":"provider[\"registry.opentofu.org/hashicorp/azurerm\"]","instances":[{"schema_version":0,"attributes":{"id":"/subscriptions/1c5e7794-d020-4ef8-82ec-93b77a88c29c/resourceGroups/simpleeshop-cloud-rg/providers/Microsoft.Network/networkSecurityGroups/worker-nsg","location":"westeurope","name":"worker-nsg","resource_group_name":"simpleeshop-cloud-rg","security_rule":[{"access":"Allow","description":"","destination_address_prefix":"*","destination_address_prefixes":[],"destination_application_security_group_ids":[],"destination_port_range":"22","destination_port_ranges":[],"direction":"Inbound","name":"SSH","priority":1001,"protocol":"Tcp","source_address_prefix":"*","source_address_prefixes":[],"source_application_security_group_ids":[],"source_port_range":"*","source_port_ranges":[]},{"access":"Allow","description":"","destination_address_prefix":"*","destination_address_prefixes":[],"destination_application_security_group_ids":[],"destination_port_range":"3000","destination_port_ranges":[],"direction":"Inbound","name":"SimpleEshop","priority":1002,"protocol":"Tcp","source_address_prefix":"*","source_address_prefixes":[],"source_application_security_group_ids":[],"source_port_range":"*","source_port_ranges":[]},{"access":"Allow","description":"","destination_address_prefix":"*","destination_address_prefixes":[],"destination_application_security_group_ids":[],"destination_port_range":"3000-3001","destination_port_ranges":[],"direction":"Inbound","name":"Grafana","priority":1004,"protocol":"Tcp","source_address_prefix":"*","source_address_prefixes":[],"source_application_security_group_ids":[],"source_port_range":"*","source_port_ranges":[]},{"access":"Allow","description":"","destination_address_prefix":"*","destination_address_prefixes":[],"destination_application_security_group_ids":[],"destination_port_range":"30000-32767","destination_port_ranges":[],"direction":"Inbound","name":"K8s-NodePort","priority":1007,"protocol":"Tcp","source_address_prefix":"*","source_address_prefixes":[],"source_application_security_group_ids":[],"source_port_range":"*","source_port_ranges":[]},{"access":"Allow","description":"","destination_address_prefix":"*","destination_address_prefixes":[],"destination_application_security_group_ids":[],"destination_port_range":"30025","destination_port_ranges":[],"direction":"Inbound","name":"Mailpit","priority":1005,"protocol":"Tcp","source_address_prefix":"*","source_address_prefixes":[],"source_application_security_group_ids":[],"source_port_range":"*","source_port_ranges":[]},{"access":"Allow","description":"","destination_address_prefix":"*","destination_address_prefixes":[],"destination_application_security_group_ids":[],"destination_port_range":"30443","destination_port_ranges":[],"direction":"Inbound","name":"ArgoCD-HTTPS","priority":1006,"protocol":"Tcp","source_address_prefix":"*","source_address_prefixes":[],"source_application_security_group_ids":[],"source_port_range":"*","source_port_ranges":[]},{"access":"Allow","description":"","destination_address_prefix":"*","destination_address_prefixes":[],"destination_application_security_group_ids":[],"destination_port_range":"9000-9002","destination_port_ranges":[],"direction":"Inbound","name":"MinIO","priority":1003,"protocol":"Tcp","source_address_prefix":"*","source_address_prefixes":[],"source_application_security_group_ids":[],"source_port_range":"*","source_port_ranges":[]}],"tags":{"Environment":"Development","Project":"SimpleEshop-Cloud"},"timeouts":null},"sensitive_attributes":[],"private":"eyJlMmJmYjczMC1lY2FhLTExZTYtOGY4OC0zNDM2M2JjN2M0YzAiOnsiY3JlYXRlIjoxODAwMDAwMDAwMDAwLCJkZWxldGUiOjE4MDAwMDAwMDAwMDAsInJlYWQiOjMwMDAwMDAwMDAwMCwidXBkYXRlIjoxODAwMDAwMDAwMDAwfX0=","dependencies":["azurerm_resource_group.simpleeshop_rg"]}]},{"mode":"managed","type":"azurerm_public_ip","name":"control_plane_pip","provider":"provider[\"registry.opentofu.org/hashicorp/azurerm\"]","instances":[{"schema_version":0,"attributes":{"allocation_method":"Static","ddos_protection_mode":"VirtualNetworkInherited","ddos_protection_plan_id":null,"domain_name_label":null,"edge_zone":"","fqdn":null,"id":"/subscriptions/1c5e7794-d020-4ef8-82ec-93b77a88c29c/resourceGroups/simpleeshop-cloud-rg/providers/Microsoft.Network/publicIPAddresses/control-plane-pip","idle_timeout_in_minutes":4,"ip_address":"4.210.149.226","ip_tags":{},"ip_version":"IPv4","location":"westeurope","name":"control-plane-pip","public_ip_prefix_id":null,"resource_group_name":"simpleeshop-cloud-rg","reverse_fqdn":null,"sku":"Standard","sku_tier":"Regional","tags":{"Environment":"Development","Project":"SimpleEshop-Cloud"},"timeouts":null,"zones":[]},"sensitive_attributes":[],"private":"eyJlMmJmYjczMC1lY2FhLTExZTYtOGY4OC0zNDM2M2JjN2M0YzAiOnsiY3JlYXRlIjoxODAwMDAwMDAwMDAwLCJkZWxldGUiOjE4MDAwMDAwMDAwMDAsInJlYWQiOjMwMDAwMDAwMDAwMCwidXBkYXRlIjoxODAwMDAwMDAwMDAwfX0=","dependencies":["azurerm_resource_group.simpleeshop_rg"]}]},{"mode":"managed","type":"azurerm_public_ip","name":"worker_pip","provider":"provider[\"registry.opentofu.org/hashicorp/azurerm\"]","instances":[{"index_key":0,"schema_version":0,"attributes":{"allocation_method":"Static","ddos_protection_mode":"VirtualNetworkInherited","ddos_protection_plan_id":null,"domain_name_label":null,"edge_zone":"","fqdn":null,"id":"/subscriptions/1c5e7794-d020-4ef8-82ec-93b77a88c29c/resourceGroups/simpleeshop-cloud-rg/providers/Microsoft.Network/publicIPAddresses/worker-1-pip","idle_timeout_in_minutes":4,"ip_address":"104.47.147.204","ip_tags":{},"ip_version":"IPv4","location":"westeurope","name":"worker-1-pip","public_ip_prefix_id":null,"resource_group_name":"simpleeshop-cloud-rg","reverse_fqdn":null,"sku":"Standard","sku_tier":"Regional","tags":{"Environment":"Development","Project":"SimpleEshop-Cloud","Role":"Worker-1"},"timeouts":null,"zones":[]},"sensitive_attributes":[],"private":"eyJlMmJmYjczMC1lY2FhLTExZTYtOGY4OC0zNDM2M2JjN2M0YzAiOnsiY3JlYXRlIjoxODAwMDAwMDAwMDAwLCJkZWxldGUiOjE4MDAwMDAwMDAwMDAsInJlYWQiOjMwMDAwMDAwMDAwMCwidXBkYXRlIjoxODAwMDAwMDAwMDAwfX0=","dependencies":["azurerm_resource_group.simpleeshop_rg"]}]},{"mode":"managed","type":"azurerm_resource_group","name":"simpleeshop_rg","provider":"provider[\"registry.opentofu.org/hashicorp/azurerm\"]","instances":[{"schema_version":0,"attributes":{"id":"/subscriptions/1c5e7794-d020-4ef8-82ec-93b77a88c29c/resourceGroups/simpleeshop-cloud-rg","location":"westeurope","managed_by":"","name":"simpleeshop-cloud-rg","tags":{"Environment":"Development","Project":"SimpleEshop-Cloud","Purpose":"University-Project"},"timeouts":null},"sensitive_attributes":[],"private":"eyJlMmJmYjczMC1lY2FhLTExZTYtOGY4OC0zNDM2M2JjN2M0YzAiOnsiY3JlYXRlIjo1NDAwMDAwMDAwMDAwLCJkZWxldGUiOjU0MDAwMDAwMDAwMDAsInJlYWQiOjMwMDAwMDAwMDAwMCwidXBkYXRlIjo1NDAwMDAwMDAwMDAwfX0="}]},{"mode":"managed","type":"azurerm_subnet","name":"control_plane_subnet","provider":"provider[\"registry.opentofu.org/hashicorp/azurerm\"]","instances":[{"schema_version":0,"attributes":{"address_prefixes":["10.0.1.0/24"],"delegation":[],"enforce_private_link_endpoint_network_policies":false,"enforce_private_link_service_network_policies":false,"id":"/subscriptions/1c5e7794-d020-4ef8-82ec-93b77a88c29c/resourceGroups/simpleeshop-cloud-rg/providers/Microsoft.Network/virtualNetworks/simpleeshop-vnet/subnets/control-plane-subnet","name":"control-plane-subnet","private_endpoint_network_policies_enabled":true,"private_link_service_network_policies_enabled":true,"resource_group_name":"simpleeshop-cloud-rg","service_endpoint_policy_ids":[],"service_endpoints":[],"timeouts":null,"virtual_network_name":"simpleeshop-vnet"},"sensitive_attributes":[],"private":"eyJlMmJmYjczMC1lY2FhLTExZTYtOGY4OC0zNDM2M2JjN2M0YzAiOnsiY3JlYXRlIjoxODAwMDAwMDAwMDAwLCJkZWxldGUiOjE4MDAwMDAwMDAwMDAsInJlYWQiOjMwMDAwMDAwMDAwMCwidXBkYXRlIjoxODAwMDAwMDAwMDAwfX0=","dependencies":["azurerm_resource_group.simpleeshop_rg","azurerm_virtual_network.simpleeshop_vnet"]}]},{"mode":"managed","type":"azurerm_subnet","name":"worker_subnet","provider":"provider[\"registry.opentofu.org/hashicorp/azurerm\"]","instances":[{"schema_version":0,"attributes":{"address_prefixes":["10.0.2.0/24"],"delegation":[],"enforce_private_link_endpoint_network_policies":false,"enforce_private_link_service_network_policies":false,"id":"/subscriptions/1c5e7794-d020-4ef8-82ec-93b77a88c29c/resourceGroups/simpleeshop-cloud-rg/providers/Microsoft.Network/virtualNetworks/simpleeshop-vnet/subnets/worker-subnet","name":"worker-subnet","private_endpoint_network_policies_enabled":true,"private_link_service_network_policies_enabled":true,"resource_group_name":"simpleeshop-cloud-rg","service_endpoint_policy_ids":[],"service_endpoints":[],"timeouts":null,"virtual_network_name":"simpleeshop-vnet"},"sensitive_attributes":[],"private":"eyJlMmJmYjczMC1lY2FhLTExZTYtOGY4OC0zNDM2M2JjN2M0YzAiOnsiY3JlYXRlIjoxODAwMDAwMDAwMDAwLCJkZWxldGUiOjE4MDAwMDAwMDAwMDAsInJlYWQiOjMwMDAwMDAwMDAwMCwidXBkYXRlIjoxODAwMDAwMDAwMDAwfX0=","dependencies":["azurerm_resource_group.simpleeshop_rg","azurerm_virtual_network.simpleeshop_vnet"]}]},{"mode":"managed","type":"azurerm_virtual_network","name":"simpleeshop_vnet","provider":"provider[\"registry.opentofu.org/hashicorp/azurerm\"]","instances":[{"schema_version":0,"attributes":{"address_space":["10.0.0.0/16"],"bgp_community":"","ddos_protection_plan":[],"dns_servers":[],"edge_zone":"","encryption":[],"flow_timeout_in_minutes":0,"guid":"667250df-4d21-4124-be01-30808f283f3a","id":"/subscriptions/1c5e7794-d020-4ef8-82ec-93b77a88c29c/resourceGroups/simpleeshop-cloud-rg/providers/Microsoft.Network/virtualNetworks/simpleeshop-vnet","location":"westeurope","name":"simpleeshop-vnet","resource_group_name":"simpleeshop-cloud-rg","subnet":[{"address_prefix":"10.0.1.0/24","id":"/subscriptions/1c5e7794-d020-4ef8-82ec-93b77a88c29c/resourceGroups/simpleeshop-cloud-rg/providers/Microsoft.Network/virtualNetworks/simpleeshop-vnet/subnets/control-plane-subnet","name":"control-plane-subnet","security_group":""},{"address_prefix":"10.0.2.0/24","id":"/subscriptions/1c5e7794-d020-4ef8-82ec-93b77a88c29c/resourceGroups/simpleeshop-cloud-rg/providers/Microsoft.Network/virtualNetworks/simpleeshop-vnet/subnets/worker-subnet","name":"worker-subnet","security_group":""}],"tags":{"Environment":"Development","Project":"SimpleEshop-Cloud"},"timeouts":null},"sensitive_attributes":[],"private":"eyJlMmJmYjczMC1lY2FhLTExZTYtOGY4OC0zNDM2M2JjN2M0YzAiOnsiY3JlYXRlIjoxODAwMDAwMDAwMDAwLCJkZWxldGUiOjE4MDAwMDAwMDAwMDAsInJlYWQiOjMwMDAwMDAwMDAwMCwidXBkYXRlIjoxODAwMDAwMDAwMDAwfX0=","dependencies":["azurerm_resource_group.simpleeshop_rg"]}]},{"mode":"managed","type":"local_file","name":"ssh_config","provider":"provider[\"registry.opentofu.org/hashicorp/local\"]","instances":[{"schema_version":0,"attributes":{"content":"Host simpleeshop-control-plane\n  HostName 4.210.149.226\n  User azureuser\n  IdentityFile ~/.ssh/azure_rsa\n  Port 22\n  StrictHostKeyChecking no\n  UserKnownHostsFile=/dev/null\n\nHost simpleeshop-worker-1\n  HostName 104.47.147.204\n  User azureuser\n  IdentityFile ~/.ssh/azure_rsa\n  Port 22\n  StrictHostKeyChecking no\n  UserKnownHostsFile=/dev/null\n\n","content_base64":null,"content_base64sha256":"OZsjoGe5yJc1FJjR7pb5QF+XoC11U6RsDh+uH8buV2E=","content_base64sha512":"xCXcd9U/NtCmFlafd2q+JN19616wRKk1kkWq8gIWWS302LT3yY6ul59WQi5ZZPSu58V17Fv3FWpJrtqkrBzWKQ==","content_md5":"bfa9758600f10050735ad7b2b2aaaee4","content_sha1":"5fcfd0d7c965c01949a6e4d8ae360acb54f81bdf","content_sha256":"399b23a067b9c897351498d1ee96f9405f97a02d7553a46c0e1fae1fc6ee5761","content_sha512":"c425dc77d53f36d0a616569f776abe24dd7deb5eb044a9359245aaf20216592df4d8b4f7c98eae979f56422e5964f4aee7c575ec5bf7156a49aedaa4ac1cd629","directory_permission":"0777","file_permission":"0777","filename":"/tmp/simpleeshop_ssh_config","id":"5fcfd0d7c965c01949a6e4d8ae360acb54f81bdf","sensitive_content":null,"source":null},"sensitive_attributes":[[{"type":"get_attr","value":"sensitive_content"}]],"dependencies":["azurerm_public_ip.control_plane_pip","azurerm_public_ip.worker_pip","azurerm_resource_group.simpleeshop_rg"]}]},{"mode":"managed","type":"null_resource","name":"update_ssh_config","provider":"provider[\"registry.opentofu.org/hashicorp/null\"]","instances":[{"schema_version":0,"attributes":{"id":"7091003530190898399","triggers":null},"sensitive_attributes":[],"dependencies":["azurerm_public_ip.control_plane_pip","azurerm_public_ip.worker_pip","azurerm_resource_group.simpleeshop_rg","local_file.ssh_config"]}]}],"check_results":[{"object_kind":"var","config_addr":"var.worker_vm_size","status":"pass","objects":[{"object_addr":"var.worker_vm_size","status":"pass"}]},{"object_kind":"var","config_addr":"var.worker_count","status":"pass","objects":[{"object_addr":"var.worker_count","status":"pass"}]},{"object_kind":"var","config_addr":"var.control_plane_vm_size","status":"pass","objects":[{"object_addr":"var.control_plane_vm_size","status":"pass"}]}]}
