{"version":4,"terraform_version":"1.9.1","serial":118,"lineage":"593e91ea-465f-aa45-8852-8d9937652575","outputs":{},"resources":[{"mode":"managed","type":"azurerm_linux_virtual_machine","name":"control_plane_vm","provider":"provider[\"registry.opentofu.org/hashicorp/azurerm\"]","instances":[{"schema_version":0,"attributes":{"additional_capabilities":[],"admin_password":null,"admin_ssh_key":[{"public_key":"ssh-rsa AAAAB3NzaC1yc2EAAAADAQABAAACAQDFlA4HUeAnwyFLZTonH31Q7ENXbUL3581OO+q5E9X9IUV1WnViC7kZ+dFIE2d0Hrs2jKYF1o3d+j5bUpKbsxDLgSlI2ziwrtcMA5hYkedr+j8K1ZPV3TsP0njEKu28EIRNcwo9DIl0M0iclGsK6cckLrBfDShBXzM+cjKWBBek6Pr/SecUIrZmiNTHMm5+amyjNuQVK5LnvqXkYNCAjTJ8xkCoQcni+Fa3ns+P/LpqC0kRxLz6ga4tJBVp6nXbsIBWT889sSv0OtTu8n/KmVh8/udMdDtwblpqTmE9h/mutsE4g0vR+n1TDrSIC0p7OPWYRlb4suZk4aAGaB4oZ+qCCATEB55TmawiPvYC/eGaWrtWbJzZdhfYkom0Bv0fNVSpYzCsbGAYukPh/ZP4cDqQUmfmoJTefXO/gBkYfGwWxJMEQAwhc/i31iA3boM5lS6Q6RbTimW7iV/EXIqH21K2pncbb6+wISorHCD9CAdq9HrBKA0HgBiamhLp48iy0OZ/Jt/PIDQdCpvOkscU7Q75DcvW8LHqYdrkrxnvv6RFG21Uvx8K5zlPbesIjLBpBGMxC5VhZ0WacqpZ6pB2JB64Sp4NZiXKZaWO0MBDzP+Z43pVwkFXVEzjtmS0OszWfAGFHjmoGolIy4RUIFyq4l1sGYmT24yBajllPD+kW7lD4Q== azure-simpleeshop","username":"azureuser"}],"admin_username":"azureuser","allow_extension_operations":true,"availability_set_id":"","boot_diagnostics":[],"bypass_platform_safety_checks_on_user_schedule_enabled":false,"capacity_reservation_group_id":"","computer_name":"control-plane-vm","custom_data":null,"dedicated_host_group_id":"","dedicated_host_id":"","disable_password_authentication":true,"edge_zone":"","encryption_at_host_enabled":false,"eviction_policy":"","extensions_time_budget":"PT1H30M","gallery_application":[],"id":"/subscriptions/1c5e7794-d020-4ef8-82ec-93b77a88c29c/resourceGroups/simpleeshop-cloud-rg/providers/Microsoft.Compute/virtualMachines/control-plane-vm","identity":[],"license_type":"","location":"westeurope","max_bid_price":-1,"name":"control-plane-vm","network_interface_ids":["/subscriptions/1c5e7794-d020-4ef8-82ec-93b77a88c29c/resourceGroups/simpleeshop-cloud-rg/providers/Microsoft.Network/networkInterfaces/control-plane-nic"],"os_disk":[{"caching":"ReadWrite","diff_disk_settings":[],"disk_encryption_set_id":"","disk_size_gb":30,"name":"control-plane-os-disk","secure_vm_disk_encryption_set_id":"","security_encryption_type":"","storage_account_type":"Premium_LRS","write_accelerator_enabled":false}],"patch_assessment_mode":"ImageDefault","patch_mode":"ImageDefault","plan":[],"platform_fault_domain":-1,"priority":"Regular","private_ip_address":"10.0.1.4","private_ip_addresses":["10.0.1.4"],"provision_vm_agent":true,"proximity_placement_group_id":"","public_ip_address":"172.201.62.186","public_ip_addresses":["172.201.62.186"],"reboot_setting":"","resource_group_name":"simpleeshop-cloud-rg","secret":[],"secure_boot_enabled":false,"size":"Standard_B1s","source_image_id":"","source_image_reference":[{"offer":"ubuntu-24_04-lts","publisher":"Canonical","sku":"server","version":"latest"}],"tags":{"Environment":"Development","Project":"SimpleEshop-Cloud","Role":"Control-Plane"},"termination_notification":[],"timeouts":null,"user_data":"","virtual_machine_id":"cd90f03a-4a9c-4b42-8f2c-a68a2b8a14f8","virtual_machine_scale_set_id":"","vtpm_enabled":false,"zone":""},"sensitive_attributes":[[{"type":"get_attr","value":"admin_password"}],[{"type":"get_attr","value":"custom_data"}]],"private":"eyJlMmJmYjczMC1lY2FhLTExZTYtOGY4OC0zNDM2M2JjN2M0YzAiOnsiY3JlYXRlIjoyNzAwMDAwMDAwMDAwLCJkZWxldGUiOjI3MDAwMDAwMDAwMDAsInJlYWQiOjMwMDAwMDAwMDAwMCwidXBkYXRlIjoyNzAwMDAwMDAwMDAwfX0=","dependencies":["azurerm_network_interface.control_plane_nic","azurerm_public_ip.control_plane_pip","azurerm_resource_group.simpleeshop_rg","azurerm_subnet.control_plane_subnet","azurerm_virtual_network.simpleeshop_vnet"]}]},{"mode":"managed","type":"azurerm_network_interface","name":"control_plane_nic","provider":"provider[\"registry.opentofu.org/hashicorp/azurerm\"]","instances":[{"schema_version":0,"attributes":{"applied_dns_servers":[],"auxiliary_mode":"","auxiliary_sku":"","dns_servers":[],"edge_zone":"","enable_accelerated_networking":false,"enable_ip_forwarding":false,"id":"/subscriptions/1c5e7794-d020-4ef8-82ec-93b77a88c29c/resourceGroups/simpleeshop-cloud-rg/providers/Microsoft.Network/networkInterfaces/control-plane-nic","internal_dns_name_label":"","internal_domain_name_suffix":"","ip_configuration":[{"gateway_load_balancer_frontend_ip_configuration_id":"","name":"internal","primary":true,"private_ip_address":"10.0.1.4","private_ip_address_allocation":"Dynamic","private_ip_address_version":"IPv4","public_ip_address_id":"/subscriptions/1c5e7794-d020-4ef8-82ec-93b77a88c29c/resourceGroups/simpleeshop-cloud-rg/providers/Microsoft.Network/publicIPAddresses/control-plane-pip","subnet_id":"/subscriptions/1c5e7794-d020-4ef8-82ec-93b77a88c29c/resourceGroups/simpleeshop-cloud-rg/providers/Microsoft.Network/virtualNetworks/simpleeshop-vnet/subnets/control-plane-subnet"}],"location":"westeurope","mac_address":"00-0D-3A-29-9F-2F","name":"control-plane-nic","private_ip_address":"10.0.1.4","private_ip_addresses":["10.0.1.4"],"resource_group_name":"simpleeshop-cloud-rg","tags":{"Environment":"Development","Project":"SimpleEshop-Cloud"},"timeouts":null,"virtual_machine_id":"/subscriptions/1c5e7794-d020-4ef8-82ec-93b77a88c29c/resourceGroups/simpleeshop-cloud-rg/providers/Microsoft.Compute/virtualMachines/control-plane-vm"},"sensitive_attributes":[],"private":"eyJlMmJmYjczMC1lY2FhLTExZTYtOGY4OC0zNDM2M2JjN2M0YzAiOnsiY3JlYXRlIjoxODAwMDAwMDAwMDAwLCJkZWxldGUiOjE4MDAwMDAwMDAwMDAsInJlYWQiOjMwMDAwMDAwMDAwMCwidXBkYXRlIjoxODAwMDAwMDAwMDAwfX0=","dependencies":["azurerm_public_ip.control_plane_pip","azurerm_resource_group.simpleeshop_rg","azurerm_subnet.control_plane_subnet","azurerm_virtual_network.simpleeshop_vnet"]}]},{"mode":"managed","type":"azurerm_public_ip","name":"control_plane_pip","provider":"provider[\"registry.opentofu.org/hashicorp/azurerm\"]","instances":[{"schema_version":0,"attributes":{"allocation_method":"Static","ddos_protection_mode":"VirtualNetworkInherited","ddos_protection_plan_id":null,"domain_name_label":null,"edge_zone":"","fqdn":null,"id":"/subscriptions/1c5e7794-d020-4ef8-82ec-93b77a88c29c/resourceGroups/simpleeshop-cloud-rg/providers/Microsoft.Network/publicIPAddresses/control-plane-pip","idle_timeout_in_minutes":4,"ip_address":"172.201.62.186","ip_tags":{},"ip_version":"IPv4","location":"westeurope","name":"control-plane-pip","public_ip_prefix_id":null,"resource_group_name":"simpleeshop-cloud-rg","reverse_fqdn":null,"sku":"Standard","sku_tier":"Regional","tags":{"Environment":"Development","Project":"SimpleEshop-Cloud"},"timeouts":null,"zones":[]},"sensitive_attributes":[],"private":"eyJlMmJmYjczMC1lY2FhLTExZTYtOGY4OC0zNDM2M2JjN2M0YzAiOnsiY3JlYXRlIjoxODAwMDAwMDAwMDAwLCJkZWxldGUiOjE4MDAwMDAwMDAwMDAsInJlYWQiOjMwMDAwMDAwMDAwMCwidXBkYXRlIjoxODAwMDAwMDAwMDAwfX0=","dependencies":["azurerm_resource_group.simpleeshop_rg"]}]},{"mode":"managed","type":"azurerm_resource_group","name":"simpleeshop_rg","provider":"provider[\"registry.opentofu.org/hashicorp/azurerm\"]","instances":[{"schema_version":0,"attributes":{"id":"/subscriptions/1c5e7794-d020-4ef8-82ec-93b77a88c29c/resourceGroups/simpleeshop-cloud-rg","location":"westeurope","managed_by":"","name":"simpleeshop-cloud-rg","tags":{"Environment":"Development","Project":"SimpleEshop-Cloud","Purpose":"University-Project"},"timeouts":null},"sensitive_attributes":[],"private":"eyJlMmJmYjczMC1lY2FhLTExZTYtOGY4OC0zNDM2M2JjN2M0YzAiOnsiY3JlYXRlIjo1NDAwMDAwMDAwMDAwLCJkZWxldGUiOjU0MDAwMDAwMDAwMDAsInJlYWQiOjMwMDAwMDAwMDAwMCwidXBkYXRlIjo1NDAwMDAwMDAwMDAwfX0="}]},{"mode":"managed","type":"azurerm_subnet","name":"control_plane_subnet","provider":"provider[\"registry.opentofu.org/hashicorp/azurerm\"]","instances":[{"schema_version":0,"attributes":{"address_prefixes":["10.0.1.0/24"],"delegation":[],"enforce_private_link_endpoint_network_policies":false,"enforce_private_link_service_network_policies":false,"id":"/subscriptions/1c5e7794-d020-4ef8-82ec-93b77a88c29c/resourceGroups/simpleeshop-cloud-rg/providers/Microsoft.Network/virtualNetworks/simpleeshop-vnet/subnets/control-plane-subnet","name":"control-plane-subnet","private_endpoint_network_policies_enabled":true,"private_link_service_network_policies_enabled":true,"resource_group_name":"simpleeshop-cloud-rg","service_endpoint_policy_ids":[],"service_endpoints":[],"timeouts":null,"virtual_network_name":"simpleeshop-vnet"},"sensitive_attributes":[],"private":"eyJlMmJmYjczMC1lY2FhLTExZTYtOGY4OC0zNDM2M2JjN2M0YzAiOnsiY3JlYXRlIjoxODAwMDAwMDAwMDAwLCJkZWxldGUiOjE4MDAwMDAwMDAwMDAsInJlYWQiOjMwMDAwMDAwMDAwMCwidXBkYXRlIjoxODAwMDAwMDAwMDAwfX0=","dependencies":["azurerm_resource_group.simpleeshop_rg","azurerm_virtual_network.simpleeshop_vnet"]}]},{"mode":"managed","type":"azurerm_virtual_network","name":"simpleeshop_vnet","provider":"provider[\"registry.opentofu.org/hashicorp/azurerm\"]","instances":[{"schema_version":0,"attributes":{"address_space":["10.0.0.0/16"],"bgp_community":"","ddos_protection_plan":[],"dns_servers":[],"edge_zone":"","encryption":[],"flow_timeout_in_minutes":0,"guid":"1484eff8-4e3a-4e6f-b8ed-789b28f6f169","id":"/subscriptions/1c5e7794-d020-4ef8-82ec-93b77a88c29c/resourceGroups/simpleeshop-cloud-rg/providers/Microsoft.Network/virtualNetworks/simpleeshop-vnet","location":"westeurope","name":"simpleeshop-vnet","resource_group_name":"simpleeshop-cloud-rg","subnet":[{"address_prefix":"10.0.1.0/24","id":"/subscriptions/1c5e7794-d020-4ef8-82ec-93b77a88c29c/resourceGroups/simpleeshop-cloud-rg/providers/Microsoft.Network/virtualNetworks/simpleeshop-vnet/subnets/control-plane-subnet","name":"control-plane-subnet","security_group":""},{"address_prefix":"10.0.2.0/24","id":"/subscriptions/1c5e7794-d020-4ef8-82ec-93b77a88c29c/resourceGroups/simpleeshop-cloud-rg/providers/Microsoft.Network/virtualNetworks/simpleeshop-vnet/subnets/worker-subnet","name":"worker-subnet","security_group":""}],"tags":{"Environment":"Development","Project":"SimpleEshop-Cloud"},"timeouts":null},"sensitive_attributes":[],"private":"eyJlMmJmYjczMC1lY2FhLTExZTYtOGY4OC0zNDM2M2JjN2M0YzAiOnsiY3JlYXRlIjoxODAwMDAwMDAwMDAwLCJkZWxldGUiOjE4MDAwMDAwMDAwMDAsInJlYWQiOjMwMDAwMDAwMDAwMCwidXBkYXRlIjoxODAwMDAwMDAwMDAwfX0=","dependencies":["azurerm_resource_group.simpleeshop_rg"]}]}],"check_results":[{"object_kind":"var","config_addr":"var.worker_count","status":"pass","objects":[{"object_addr":"var.worker_count","status":"pass"}]}]}
